<?xml version="1.0" encoding="utf-8"?>
<Project ToolsVersion="4.0" xmlns="http://schemas.microsoft.com/developer/msbuild/2003">
  <ItemGroup>
    <ClCompile Include="AboutDlg.cpp">
      <Filter>Source Files</Filter>
    </ClCompile>
    <ClCompile Include="autocombobox.cpp">
      <Filter>Source Files</Filter>
    </ClCompile>
    <ClCompile Include="BaseTabCtrl.cpp">
      <Filter>Source Files</Filter>
    </ClCompile>
    <ClCompile Include="BinaryData.cpp">
      <Filter>Source Files</Filter>
    </ClCompile>
    <ClCompile Include="browserdlg.cpp">
      <Filter>Source Files</Filter>
    </ClCompile>
    <ClCompile Include="checkcombobox.cpp">
      <Filter>Source Files</Filter>
    </ClCompile>
    <ClCompile Include="checklistboxex.cpp">
      <Filter>Source Files</Filter>
    </ClCompile>
    <ClCompile Include="Clipboard.cpp">
      <Filter>Source Files</Filter>
    </ClCompile>
    <ClCompile Include="colorbutton.cpp">
      <Filter>Source Files</Filter>
    </ClCompile>
    <ClCompile Include="colorcombobox.cpp">
      <Filter>Source Files</Filter>
    </ClCompile>
    <ClCompile Include="custombutton.cpp">
      <Filter>Source Files</Filter>
    </ClCompile>
    <ClCompile Include="DatabaseEx.cpp">
      <Filter>Source Files</Filter>
    </ClCompile>
    <ClCompile Include="DateHelper.cpp">
      <Filter>Source Files</Filter>
    </ClCompile>
    <ClCompile Include="DateTimeCtrlEx.cpp">
      <Filter>Source Files</Filter>
    </ClCompile>
    <ClCompile Include="deferWndMove.cpp">
      <Filter>Source Files</Filter>
    </ClCompile>
    <ClCompile Include="delayredraw.cpp">
      <Filter>Source Files</Filter>
    </ClCompile>
    <ClCompile Include="DialogHelper.cpp">
      <Filter>Source Files</Filter>
    </ClCompile>
    <ClCompile Include="DlgUnits.cpp">
      <Filter>Source Files</Filter>
    </ClCompile>
    <ClCompile Include="DockManager.cpp">
      <Filter>Source Files</Filter>
    </ClCompile>
    <ClCompile Include="driveinfo.cpp">
      <Filter>Source Files</Filter>
    </ClCompile>
    <ClCompile Include="EditShortcutMgr.cpp">
      <Filter>Source Files</Filter>
    </ClCompile>
    <ClCompile Include="EnBitmap.cpp">
      <Filter>Source Files</Filter>
    </ClCompile>
    <ClCompile Include="EnBitmapEx.cpp">
      <Filter>Source Files</Filter>
    </ClCompile>
    <ClCompile Include="enbrowserctrl.cpp">
      <Filter>Source Files</Filter>
    </ClCompile>
    <ClCompile Include="EnCheckComboBox.cpp">
      <Filter>Source Files</Filter>
    </ClCompile>
    <ClCompile Include="encolordialog.cpp">
      <Filter>Source Files</Filter>
    </ClCompile>
    <ClCompile Include="EnCommandLineInfo.cpp">
      <Filter>Source Files</Filter>
    </ClCompile>
    <ClCompile Include="enedit.cpp">
      <Filter>Source Files</Filter>
    </ClCompile>
    <ClCompile Include="enfiledialog.cpp">
      <Filter>Source Files</Filter>
    </ClCompile>
    <ClCompile Include="EnHeaderCtrl.cpp">
      <Filter>Source Files</Filter>
    </ClCompile>
    <ClCompile Include="enlistctrl.cpp">
      <Filter>Source Files</Filter>
    </ClCompile>
    <ClCompile Include="EnMenu.cpp">
      <Filter>Source Files</Filter>
    </ClCompile>
    <ClCompile Include="EnRecentFileList.cpp">
      <Filter>Source Files</Filter>
    </ClCompile>
    <ClCompile Include="enstatic.cpp">
      <Filter>Source Files</Filter>
    </ClCompile>
    <ClCompile Include="EnString.cpp">
      <Filter>Source Files</Filter>
    </ClCompile>
    <ClCompile Include="EnTabCtrl.cpp">
      <Filter>Source Files</Filter>
    </ClCompile>
    <ClCompile Include="entoolbar.cpp">
      <Filter>Source Files</Filter>
    </ClCompile>
    <ClCompile Include="FileComboBox.cpp">
      <Filter>Source Files</Filter>
    </ClCompile>
    <ClCompile Include="fileedit.cpp">
      <Filter>Source Files</Filter>
    </ClCompile>
    <ClCompile Include="FileMisc.cpp">
      <Filter>Source Files</Filter>
    </ClCompile>
    <ClCompile Include="FileRegister.cpp">
      <Filter>Source Files</Filter>
    </ClCompile>
    <ClCompile Include="FocusWatcher.cpp">
      <Filter>Source Files</Filter>
    </ClCompile>
    <ClCompile Include="FolderDialog.cpp">
      <Filter>Source Files</Filter>
    </ClCompile>
    <ClCompile Include="FontCache.cpp">
      <Filter>Source Files</Filter>
    </ClCompile>
    <ClCompile Include="framewndcontainer.cpp">
      <Filter>Source Files</Filter>
    </ClCompile>
    <ClCompile Include="GraphicsMisc.cpp">
      <Filter>Source Files</Filter>
    </ClCompile>
    <ClCompile Include="GroupLine.cpp">
      <Filter>Source Files</Filter>
    </ClCompile>
    <ClCompile Include="historycombobox.cpp">
      <Filter>Source Files</Filter>
    </ClCompile>
    <ClCompile Include="HoldRedraw.cpp">
      <Filter>Source Files</Filter>
    </ClCompile>
    <ClCompile Include="hotkeyctrlex.cpp">
      <Filter>Source Files</Filter>
    </ClCompile>
    <ClCompile Include="HotTracker.cpp">
      <Filter>Source Files</Filter>
    </ClCompile>
    <ClCompile Include="iconbutton.cpp">
      <Filter>Source Files</Filter>
    </ClCompile>
    <ClCompile Include="IconCache.cpp">
      <Filter>Source Files</Filter>
    </ClCompile>
    <ClCompile Include="ImageProcessors.cpp">
      <Filter>Source Files</Filter>
    </ClCompile>
    <ClCompile Include="InputListCtrl.cpp">
      <Filter>Source Files</Filter>
    </ClCompile>
    <ClCompile Include="LightBox.cpp">
      <Filter>Source Files</Filter>
    </ClCompile>
    <ClCompile Include="Localizer.cpp">
      <Filter>Source Files</Filter>
    </ClCompile>
    <ClCompile Include="MASKEDIT.CPP">
      <Filter>Source Files</Filter>
    </ClCompile>
    <ClCompile Include="menubutton.cpp">
      <Filter>Source Files</Filter>
    </ClCompile>
    <ClCompile Include="MenuIconMgr.cpp">
      <Filter>Source Files</Filter>
    </ClCompile>
    <ClCompile Include="monthcombobox.cpp">
      <Filter>Source Files</Filter>
    </ClCompile>
    <ClCompile Include="MouseWheelMgr.cpp">
      <Filter>Source Files</Filter>
    </ClCompile>
    <ClCompile Include="MSWordHelper.cpp">
      <Filter>Source Files</Filter>
    </ClCompile>
    <ClCompile Include="MultiSelTreeCtrl.cpp">
      <Filter>Source Files</Filter>
    </ClCompile>
    <ClCompile Include="NcGutter.cpp">
      <Filter>Source Files</Filter>
    </ClCompile>
    <ClCompile Include="odbcfieldcombobox.cpp">
      <Filter>Source Files</Filter>
    </ClCompile>
    <ClCompile Include="OdbcFields.cpp">
      <Filter>Source Files</Filter>
    </ClCompile>
    <ClCompile Include="odbctablecombobox.cpp">
      <Filter>Source Files</Filter>
    </ClCompile>
    <ClCompile Include="OdbcTables.cpp">
      <Filter>Source Files</Filter>
    </ClCompile>
    <ClCompile Include="odbcvaluecombobox.cpp">
      <Filter>Source Files</Filter>
    </ClCompile>
    <ClCompile Include="OrderedTreeCtrl.cpp">
      <Filter>Source Files</Filter>
    </ClCompile>
    <ClCompile Include="OSVersion.cpp">
      <Filter>Source Files</Filter>
    </ClCompile>
    <ClCompile Include="ownerdrawcomboboxbase.cpp">
      <Filter>Source Files</Filter>
    </ClCompile>
    <ClCompile Include="passworddialog.cpp">
      <Filter>Source Files</Filter>
    </ClCompile>
    <ClCompile Include="popupEditctrl.cpp">
      <Filter>Source Files</Filter>
    </ClCompile>
    <ClCompile Include="popupListboxctrl.cpp">
      <Filter>Source Files</Filter>
    </ClCompile>
    <ClCompile Include="PreferencesBase.cpp">
      <Filter>Source Files</Filter>
    </ClCompile>
    <ClCompile Include="ProgressDlg.cpp">
      <Filter>Source Files</Filter>
    </ClCompile>
    <ClCompile Include="PropertyPageHost.cpp">
      <Filter>Source Files</Filter>
    </ClCompile>
    <ClCompile Include="RCCtrlParser.cpp">
      <Filter>Source Files</Filter>
    </ClCompile>
    <ClCompile Include="RecordsetEx.cpp">
      <Filter>Source Files</Filter>
    </ClCompile>
    <ClCompile Include="Regkey.cpp">
      <Filter>Source Files</Filter>
    </ClCompile>
    <ClCompile Include="RemoteFile.cpp">
      <Filter>Source Files</Filter>
    </ClCompile>
    <ClCompile Include="RemoteFileDialog.cpp">
      <Filter>Source Files</Filter>
    </ClCompile>
    <ClCompile Include="richeditbasectrl.cpp">
      <Filter>Source Files</Filter>
    </ClCompile>
    <ClCompile Include="RichEditHelper.cpp">
      <Filter>Source Files</Filter>
    </ClCompile>
    <ClCompile Include="RichEditNcBorder.cpp">
      <Filter>Source Files</Filter>
    </ClCompile>
    <ClCompile Include="RoundCorner.cpp">
      <Filter>Source Files</Filter>
    </ClCompile>
    <ClCompile Include="Rtf2HtmlConverter.cpp">
      <Filter>Source Files</Filter>
    </ClCompile>
    <ClCompile Include="RTLStyleMgr.cpp">
      <Filter>Source Files</Filter>
    </ClCompile>
    <ClCompile Include="RuntimeDlg.cpp">
      <Filter>Source Files</Filter>
    </ClCompile>
    <ClCompile Include="SaveFocus.cpp">
      <Filter>Source Files</Filter>
    </ClCompile>
    <ClCompile Include="ScrollingPropertyPageHost.cpp">
      <Filter>Source Files</Filter>
    </ClCompile>
    <ClCompile Include="ServerDlg.cpp">
      <Filter>Source Files</Filter>
    </ClCompile>
    <ClCompile Include="ShortcutManager.cpp">
      <Filter>Source Files</Filter>
    </ClCompile>
    <ClCompile Include="SizeGrip.cpp">
      <Filter>Source Files</Filter>
    </ClCompile>
    <ClCompile Include="StatusBarProgress.cpp">
      <Filter>Source Files</Filter>
    </ClCompile>
    <ClCompile Include="StickiesAPI.cpp">
      <Filter>Source Files</Filter>
    </ClCompile>
    <ClCompile Include="StickiesWnd.cpp">
      <Filter>Source Files</Filter>
    </ClCompile>
    <ClCompile Include="Subclass.cpp">
      <Filter>Source Files</Filter>
    </ClCompile>
    <ClCompile Include="symbolbutton.cpp">
      <Filter>Source Files</Filter>
    </ClCompile>
    <ClCompile Include="tabbedcombobox.cpp">
      <Filter>Source Files</Filter>
    </ClCompile>
    <ClCompile Include="TabbedPropertyPageHost.cpp">
      <Filter>Source Files</Filter>
    </ClCompile>
    <ClCompile Include="tabctrlex.cpp">
      <Filter>Source Files</Filter>
    </ClCompile>
    <ClCompile Include="Themed.cpp">
      <Filter>Source Files</Filter>
    </ClCompile>
    <ClCompile Include="timecombobox.cpp">
      <Filter>Source Files</Filter>
    </ClCompile>
    <ClCompile Include="TimeEdit.cpp">
      <Filter>Source Files</Filter>
    </ClCompile>
    <ClCompile Include="TimeHelper.cpp">
      <Filter>Source Files</Filter>
    </ClCompile>
    <ClCompile Include="ToolbarHelper.cpp">
      <Filter>Source Files</Filter>
    </ClCompile>
    <ClCompile Include="TRAYICON.CPP">
      <Filter>Source Files</Filter>
    </ClCompile>
    <ClCompile Include="TreeCtrlHelper.cpp">
      <Filter>Source Files</Filter>
    </ClCompile>
    <ClCompile Include="TreeDragDropHelper.cpp">
      <Filter>Source Files</Filter>
    </ClCompile>
    <ClCompile Include="TreeListSyncer.cpp">
      <Filter>Source Files</Filter>
    </ClCompile>
    <ClCompile Include="TreeSelectionHelper.cpp">
      <Filter>Source Files</Filter>
    </ClCompile>
    <ClCompile Include="Unzipper.cpp">
      <Filter>Source Files</Filter>
    </ClCompile>
    <ClCompile Include="urlricheditctrl.cpp">
      <Filter>Source Files</Filter>
    </ClCompile>
    <ClCompile Include="VersionInfo.cpp">
      <Filter>Source Files</Filter>
    </ClCompile>
    <ClCompile Include="webbrowserctrl.cpp">
      <Filter>Source Files</Filter>
    </ClCompile>
    <ClCompile Include="WebMisc.cpp">
      <Filter>Source Files</Filter>
    </ClCompile>
    <ClCompile Include="WinClasses.cpp">
      <Filter>Source Files</Filter>
    </ClCompile>
    <ClCompile Include="winhelpbutton.cpp">
      <Filter>Source Files</Filter>
    </ClCompile>
    <ClCompile Include="WndMisc.cpp">
      <Filter>Source Files</Filter>
    </ClCompile>
    <ClCompile Include="WndPrompt.cpp">
      <Filter>Source Files</Filter>
    </ClCompile>
    <ClCompile Include="XmlFile.cpp">
      <Filter>Source Files</Filter>
    </ClCompile>
    <ClCompile Include="xmlfileex.cpp">
      <Filter>Source Files</Filter>
    </ClCompile>
    <ClCompile Include="Zipper.cpp">
      <Filter>Source Files</Filter>
    </ClCompile>
    <ClCompile Include="MSOutlookHelper.cpp">
      <Filter>Source Files</Filter>
    </ClCompile>
    <ClCompile Include="MSProjectHelper.cpp">
      <Filter>Source Files</Filter>
    </ClCompile>
    <ClCompile Include="DayOfWeekchecklistbox.cpp">
      <Filter>Source Files</Filter>
    </ClCompile>
    <ClCompile Include="DayOfWeekcombobox.cpp">
      <Filter>Source Files</Filter>
    </ClCompile>
    <ClCompile Include="MonthCalCtrlEx.cpp">
      <Filter>Source Files</Filter>
    </ClCompile>
    <ClCompile Include="Misc.cpp">
      <Filter>Source Files</Filter>
    </ClCompile>
    <ClCompile Include="ToolTipCtrlEx.cpp">
      <Filter>Source Files</Filter>
    </ClCompile>
    <ClCompile Include="WindowIcons.cpp">
      <Filter>Source Files</Filter>
    </ClCompile>
    <ClCompile Include="SessionStatusWnd.cpp">
      <Filter>Source Files</Filter>
    </ClCompile>
    <ClCompile Include="XslFile.cpp">
      <Filter>Source Files</Filter>
    </ClCompile>
    <ClCompile Include="CopyWndContents.cpp">
      <Filter>Source Files</Filter>
    </ClCompile>
    <ClCompile Include="Icon.cpp">
      <Filter>Source Files</Filter>
    </ClCompile>
    <ClCompile Include="StylesheetParamConfigDlg.cpp">
      <Filter>Source Files</Filter>
    </ClCompile>
    <ClCompile Include="AcceleratorString.cpp">
      <Filter>Source Files</Filter>
    </ClCompile>
    <ClCompile Include="FindReplace.cpp">
      <Filter>Source Files</Filter>
    </ClCompile>
    <ClCompile Include="SoundEdit.cpp">
      <Filter>Source Files</Filter>
    </ClCompile>
    <ClCompile Include="EnImageList.cpp">
      <Filter>Source Files</Filter>
    </ClCompile>
    <ClCompile Include="MenuComboBox.cpp">
      <Filter>Source Files</Filter>
    </ClCompile>
    <ClCompile Include="MessageBox.cpp">
      <Filter>Source Files</Filter>
    </ClCompile>
    <ClCompile Include="ComboListboxPositioner.cpp">
      <Filter>Source Files</Filter>
    </ClCompile>
    <ClCompile Include="ColorBrewerCombobox.cpp">
      <Filter>Source Files</Filter>
    </ClCompile>
    <ClCompile Include="ColorBrewer.cpp">
      <Filter>Source Files</Filter>
    </ClCompile>
    <ClCompile Include="ColourPickerEx.cpp">
      <Filter>Source Files</Filter>
    </ClCompile>
    <ClCompile Include="StatusBarACTEx.cpp">
      <Filter>Source Files</Filter>
    </ClCompile>
    <ClCompile Include="ColourPopupEx.cpp">
      <Filter>Source Files</Filter>
    </ClCompile>
    <ClCompile Include="MiniCalendarListCtrl.cpp">
      <Filter>Source Files</Filter>
    </ClCompile>
    <ClCompile Include="MiniCalendarCtrl.cpp">
      <Filter>Source Files</Filter>
    </ClCompile>
    <ClCompile Include="CalendarCtrlEx.cpp">
      <Filter>Source Files</Filter>
    </ClCompile>
    <ClCompile Include="RangeSliderCtrl.cpp">
      <Filter>Source Files</Filter>
    </ClCompile>
    <ClCompile Include="Recurrence.cpp">
      <Filter>Source Files</Filter>
    </ClCompile>
    <ClCompile Include="ScopedTimer.cpp">
      <Filter>Source Files</Filter>
    </ClCompile>
    <ClCompile Include="HMXChartEx.cpp">
      <Filter>Source Files</Filter>
    </ClCompile>
    <ClCompile Include="WorkingWeek.cpp">
      <Filter>Source Files</Filter>
    </ClCompile>
    <ClCompile Include="TreeListCtrl.cpp">
      <Filter>Source Files</Filter>
    </ClCompile>
    <ClCompile Include="UrlParser.cpp">
      <Filter>Source Files</Filter>
    </ClCompile>
    <ClCompile Include="FileIcons.cpp">
      <Filter>Source Files</Filter>
    </ClCompile>
  </ItemGroup>
  <ItemGroup>
    <ClInclude Include="AboutDlg.h">
      <Filter>Header Files</Filter>
    </ClInclude>
    <ClInclude Include="FontCache.h">
      <Filter>Header Files</Filter>
    </ClInclude>
    <ClInclude Include="autocombobox.h">
      <Filter>Header Files</Filter>
    </ClInclude>
    <ClInclude Include="AutoFlag.h">
      <Filter>Header Files</Filter>
    </ClInclude>
    <ClInclude Include="BaseTabCtrl.h">
      <Filter>Header Files</Filter>
    </ClInclude>
    <ClInclude Include="BinaryData.h">
      <Filter>Header Files</Filter>
    </ClInclude>
    <ClInclude Include="browserdlg.h">
      <Filter>Header Files</Filter>
    </ClInclude>
    <ClInclude Include="checkcombobox.h">
      <Filter>Header Files</Filter>
    </ClInclude>
    <ClInclude Include="checklistboxex.h">
      <Filter>Header Files</Filter>
    </ClInclude>
    <ClInclude Include="Clipboard.h">
      <Filter>Header Files</Filter>
    </ClInclude>
    <ClInclude Include="colorbutton.h">
      <Filter>Header Files</Filter>
    </ClInclude>
    <ClInclude Include="colorcombobox.h">
      <Filter>Header Files</Filter>
    </ClInclude>
    <ClInclude Include="custombutton.h">
      <Filter>Header Files</Filter>
    </ClInclude>
    <ClInclude Include="DatabaseEx.h">
      <Filter>Header Files</Filter>
    </ClInclude>
    <ClInclude Include="DateHelper.h">
      <Filter>Header Files</Filter>
    </ClInclude>
    <ClInclude Include="DateTimeCtrlEx.h">
      <Filter>Header Files</Filter>
    </ClInclude>
    <ClInclude Include="deferWndMove.h">
      <Filter>Header Files</Filter>
    </ClInclude>
    <ClInclude Include="delayredraw.h">
      <Filter>Header Files</Filter>
    </ClInclude>
    <ClInclude Include="DialogHelper.h">
      <Filter>Header Files</Filter>
    </ClInclude>
    <ClInclude Include="DlgUnits.h">
      <Filter>Header Files</Filter>
    </ClInclude>
    <ClInclude Include="DockManager.h">
      <Filter>Header Files</Filter>
    </ClInclude>
    <ClInclude Include="driveinfo.h">
      <Filter>Header Files</Filter>
    </ClInclude>
    <ClInclude Include="EditShortcutMgr.h">
      <Filter>Header Files</Filter>
    </ClInclude>
    <ClInclude Include="EnBitmap.h">
      <Filter>Header Files</Filter>
    </ClInclude>
    <ClInclude Include="EnBitmapEx.h">
      <Filter>Header Files</Filter>
    </ClInclude>
    <ClInclude Include="enbrowserctrl.h">
      <Filter>Header Files</Filter>
    </ClInclude>
    <ClInclude Include="EnCheckComboBox.h">
      <Filter>Header Files</Filter>
    </ClInclude>
    <ClInclude Include="encolordialog.h">
      <Filter>Header Files</Filter>
    </ClInclude>
    <ClInclude Include="EnCommandLineInfo.h">
      <Filter>Header Files</Filter>
    </ClInclude>
    <ClInclude Include="enedit.h">
      <Filter>Header Files</Filter>
    </ClInclude>
    <ClInclude Include="enfiledialog.h">
      <Filter>Header Files</Filter>
    </ClInclude>
    <ClInclude Include="EnHeaderCtrl.h">
      <Filter>Header Files</Filter>
    </ClInclude>
    <ClInclude Include="enlistctrl.h">
      <Filter>Header Files</Filter>
    </ClInclude>
    <ClInclude Include="EnMenu.h">
      <Filter>Header Files</Filter>
    </ClInclude>
    <ClInclude Include="EnRecentFileList.h">
      <Filter>Header Files</Filter>
    </ClInclude>
    <ClInclude Include="enstatic.h">
      <Filter>Header Files</Filter>
    </ClInclude>
    <ClInclude Include="EnString.h">
      <Filter>Header Files</Filter>
    </ClInclude>
    <ClInclude Include="EnTabCtrl.h">
      <Filter>Header Files</Filter>
    </ClInclude>
    <ClInclude Include="entoolbar.h">
      <Filter>Header Files</Filter>
    </ClInclude>
    <ClInclude Include="FileComboBox.h">
      <Filter>Header Files</Filter>
    </ClInclude>
    <ClInclude Include="fileedit.h">
      <Filter>Header Files</Filter>
    </ClInclude>
    <ClInclude Include="FILEMISC.H">
      <Filter>Header Files</Filter>
    </ClInclude>
    <ClInclude Include="FileRegister.h">
      <Filter>Header Files</Filter>
    </ClInclude>
    <ClInclude Include="FocusWatcher.h">
      <Filter>Header Files</Filter>
    </ClInclude>
    <ClInclude Include="FolderDialog.h">
      <Filter>Header Files</Filter>
    </ClInclude>
    <ClInclude Include="framewndcontainer.h">
      <Filter>Header Files</Filter>
    </ClInclude>
    <ClInclude Include="RichEditHelper.h">
      <Filter>Header Files</Filter>
    </ClInclude>
    <ClInclude Include="GraphicsMisc.h">
      <Filter>Header Files</Filter>
    </ClInclude>
    <ClInclude Include="GroupLine.h">
      <Filter>Header Files</Filter>
    </ClInclude>
    <ClInclude Include="historycombobox.h">
      <Filter>Header Files</Filter>
    </ClInclude>
    <ClInclude Include="HoldRedraw.h">
      <Filter>Header Files</Filter>
    </ClInclude>
    <ClInclude Include="HookMgr.h">
      <Filter>Header Files</Filter>
    </ClInclude>
    <ClInclude Include="HookWndMgr.h">
      <Filter>Header Files</Filter>
    </ClInclude>
    <ClInclude Include="hotkeyctrlex.h">
      <Filter>Header Files</Filter>
    </ClInclude>
    <ClInclude Include="HotTracker.h">
      <Filter>Header Files</Filter>
    </ClInclude>
    <ClInclude Include="HtmlCharMap.h">
      <Filter>Header Files</Filter>
    </ClInclude>
    <ClInclude Include="iconbutton.h">
      <Filter>Header Files</Filter>
    </ClInclude>
    <ClInclude Include="IconCache.h">
      <Filter>Header Files</Filter>
    </ClInclude>
    <ClInclude Include="ImageProcessors.h">
      <Filter>Header Files</Filter>
    </ClInclude>
    <ClInclude Include="InputListCtrl.h">
      <Filter>Header Files</Filter>
    </ClInclude>
    <ClInclude Include="LightBox.h">
      <Filter>Header Files</Filter>
    </ClInclude>
    <ClInclude Include="Localizer.h">
      <Filter>Header Files</Filter>
    </ClInclude>
    <ClInclude Include="mapex.h">
      <Filter>Header Files</Filter>
    </ClInclude>
    <ClInclude Include="MASKEDIT.H">
      <Filter>Header Files</Filter>
    </ClInclude>
    <ClInclude Include="menubutton.h">
      <Filter>Header Files</Filter>
    </ClInclude>
    <ClInclude Include="MenuIconMgr.h">
      <Filter>Header Files</Filter>
    </ClInclude>
    <ClInclude Include="Misc.h">
      <Filter>Header Files</Filter>
    </ClInclude>
    <ClInclude Include="monthcombobox.h">
      <Filter>Header Files</Filter>
    </ClInclude>
    <ClInclude Include="MouseWheelMgr.h">
      <Filter>Header Files</Filter>
    </ClInclude>
    <ClInclude Include="MSWordHelper.h">
      <Filter>Header Files</Filter>
    </ClInclude>
    <ClInclude Include="MultiSelTreeCtrl.h">
      <Filter>Header Files</Filter>
    </ClInclude>
    <ClInclude Include="NcGutter.h">
      <Filter>Header Files</Filter>
    </ClInclude>
    <ClInclude Include="odbcfieldcombobox.h">
      <Filter>Header Files</Filter>
    </ClInclude>
    <ClInclude Include="OdbcFields.h">
      <Filter>Header Files</Filter>
    </ClInclude>
    <ClInclude Include="odbctablecombobox.h">
      <Filter>Header Files</Filter>
    </ClInclude>
    <ClInclude Include="OdbcTables.h">
      <Filter>Header Files</Filter>
    </ClInclude>
    <ClInclude Include="odbcvaluecombobox.h">
      <Filter>Header Files</Filter>
    </ClInclude>
    <ClInclude Include="OrderedTreeCtrl.h">
      <Filter>Header Files</Filter>
    </ClInclude>
    <ClInclude Include="OSVersion.h">
      <Filter>Header Files</Filter>
    </ClInclude>
    <ClInclude Include="ownerdrawcomboboxbase.h">
      <Filter>Header Files</Filter>
    </ClInclude>
    <ClInclude Include="passworddialog.h">
      <Filter>Header Files</Filter>
    </ClInclude>
    <ClInclude Include="popupEditCtrl.h">
      <Filter>Header Files</Filter>
    </ClInclude>
    <ClInclude Include="popupListboxctrl.h">
      <Filter>Header Files</Filter>
    </ClInclude>
    <ClInclude Include="PreferencesBase.h">
      <Filter>Header Files</Filter>
    </ClInclude>
    <ClInclude Include="ProgressDlg.h">
      <Filter>Header Files</Filter>
    </ClInclude>
    <ClInclude Include="PropertyPageHost.h">
      <Filter>Header Files</Filter>
    </ClInclude>
    <ClInclude Include="RCCtrlParser.h">
      <Filter>Header Files</Filter>
    </ClInclude>
    <ClInclude Include="RecordsetEx.h">
      <Filter>Header Files</Filter>
    </ClInclude>
    <ClInclude Include="Regkey.h">
      <Filter>Header Files</Filter>
    </ClInclude>
    <ClInclude Include="RemoteFile.h">
      <Filter>Header Files</Filter>
    </ClInclude>
    <ClInclude Include="RemoteFileDialog.h">
      <Filter>Header Files</Filter>
    </ClInclude>
    <ClInclude Include="RichEditNcBorder.h">
      <Filter>Header Files</Filter>
    </ClInclude>
    <ClInclude Include="RoundCorner.h">
      <Filter>Header Files</Filter>
    </ClInclude>
    <ClInclude Include="Rtf2HtmlConverter.h">
      <Filter>Header Files</Filter>
    </ClInclude>
    <ClInclude Include="RTLStyleMgr.h">
      <Filter>Header Files</Filter>
    </ClInclude>
    <ClInclude Include="RuntimeDlg.h">
      <Filter>Header Files</Filter>
    </ClInclude>
    <ClInclude Include="SaveFocus.h">
      <Filter>Header Files</Filter>
    </ClInclude>
    <ClInclude Include="ScrollingPropertyPageHost.h">
      <Filter>Header Files</Filter>
    </ClInclude>
    <ClInclude Include="ServerDlg.h">
      <Filter>Header Files</Filter>
    </ClInclude>
    <ClInclude Include="ShortcutManager.h">
      <Filter>Header Files</Filter>
    </ClInclude>
    <ClInclude Include="SizeGrip.h">
      <Filter>Header Files</Filter>
    </ClInclude>
    <ClInclude Include="StatusBarProgress.h">
      <Filter>Header Files</Filter>
    </ClInclude>
    <ClInclude Include="StdAfx.h">
      <Filter>Header Files</Filter>
    </ClInclude>
    <ClInclude Include="StickiesAPI.h">
      <Filter>Header Files</Filter>
    </ClInclude>
    <ClInclude Include="StickiesWnd.h">
      <Filter>Header Files</Filter>
    </ClInclude>
    <ClInclude Include="stringres.h">
      <Filter>Header Files</Filter>
    </ClInclude>
    <ClInclude Include="Subclass.h">
      <Filter>Header Files</Filter>
    </ClInclude>
    <ClInclude Include="symbolbutton.h">
      <Filter>Header Files</Filter>
    </ClInclude>
    <ClInclude Include="SysColors.h">
      <Filter>Header Files</Filter>
    </ClInclude>
    <ClInclude Include="tabbedcombobox.h">
      <Filter>Header Files</Filter>
    </ClInclude>
    <ClInclude Include="TabbedPropertyPageHost.h">
      <Filter>Header Files</Filter>
    </ClInclude>
    <ClInclude Include="tabctrlex.h">
      <Filter>Header Files</Filter>
    </ClInclude>
    <ClInclude Include="Themed.h">
      <Filter>Header Files</Filter>
    </ClInclude>
    <ClInclude Include="timecombobox.h">
      <Filter>Header Files</Filter>
    </ClInclude>
    <ClInclude Include="TimeEdit.h">
      <Filter>Header Files</Filter>
    </ClInclude>
    <ClInclude Include="TimeHelper.h">
      <Filter>Header Files</Filter>
    </ClInclude>
    <ClInclude Include="ToolbarHelper.h">
      <Filter>Header Files</Filter>
    </ClInclude>
    <ClInclude Include="TRAYICON.H">
      <Filter>Header Files</Filter>
    </ClInclude>
    <ClInclude Include="Zipper.h">
      <Filter>Header Files</Filter>
    </ClInclude>
    <ClInclude Include="TreeCtrlHelper.h">
      <Filter>Header Files</Filter>
    </ClInclude>
    <ClInclude Include="TreeDragDropHelper.h">
      <Filter>Header Files</Filter>
    </ClInclude>
    <ClInclude Include="TreeListSyncer.h">
      <Filter>Header Files</Filter>
    </ClInclude>
    <ClInclude Include="TreeSelectionHelper.h">
      <Filter>Header Files</Filter>
    </ClInclude>
    <ClInclude Include="Unzipper.h">
      <Filter>Header Files</Filter>
    </ClInclude>
    <ClInclude Include="urlricheditctrl.h">
      <Filter>Header Files</Filter>
    </ClInclude>
    <ClInclude Include="VersionInfo.h">
      <Filter>Header Files</Filter>
    </ClInclude>
    <ClInclude Include="wclassdefines.h">
      <Filter>Header Files</Filter>
    </ClInclude>
    <ClInclude Include="webbrowserctrl.h">
      <Filter>Header Files</Filter>
    </ClInclude>
    <ClInclude Include="WebMisc.h">
      <Filter>Header Files</Filter>
    </ClInclude>
    <ClInclude Include="WinClasses.h">
      <Filter>Header Files</Filter>
    </ClInclude>
    <ClInclude Include="WinHelpButton.h">
      <Filter>Header Files</Filter>
    </ClInclude>
    <ClInclude Include="winstyles.h">
      <Filter>Header Files</Filter>
    </ClInclude>
    <ClInclude Include="WndMisc.h">
      <Filter>Header Files</Filter>
    </ClInclude>
    <ClInclude Include="WndPrompt.h">
      <Filter>Header Files</Filter>
    </ClInclude>
    <ClInclude Include="XmlCharMap.h">
      <Filter>Header Files</Filter>
    </ClInclude>
    <ClInclude Include="XmlFile.h">
      <Filter>Header Files</Filter>
    </ClInclude>
    <ClInclude Include="xmlfileex.h">
      <Filter>Header Files</Filter>
    </ClInclude>
    <ClInclude Include="MSOutlookHelper.h">
      <Filter>Header Files</Filter>
    </ClInclude>
    <ClInclude Include="MSProjectHelper.h">
      <Filter>Header Files</Filter>
    </ClInclude>
    <ClInclude Include="MSOutlookHelperEnum.h">
      <Filter>Header Files</Filter>
    </ClInclude>
    <ClInclude Include="DayOfWeekchecklistbox.h">
      <Filter>Header Files</Filter>
    </ClInclude>
    <ClInclude Include="DayOfWeekcombobox.h">
      <Filter>Header Files</Filter>
    </ClInclude>
    <ClInclude Include="MonthCalCtrlEx.h">
      <Filter>Header Files</Filter>
    </ClInclude>
    <ClInclude Include="ToolTipCtrlEx.h">
      <Filter>Header Files</Filter>
    </ClInclude>
    <ClInclude Include="WindowIcons.h">
      <Filter>Header Files</Filter>
    </ClInclude>
    <ClInclude Include="SessionStatusWnd.h">
      <Filter>Header Files</Filter>
    </ClInclude>
    <ClInclude Include="XslFile.h">
      <Filter>Header Files</Filter>
    </ClInclude>
    <ClInclude Include="CopyWndContents.h">
      <Filter>Header Files</Filter>
    </ClInclude>
    <ClInclude Include="Icon.h">
      <Filter>Header Files</Filter>
    </ClInclude>
    <ClInclude Include="StylesheetParamConfigDlg.h">
      <Filter>Header Files</Filter>
    </ClInclude>
    <ClInclude Include="AcceleratorString.h">
      <Filter>Header Files</Filter>
    </ClInclude>
    <ClInclude Include="FindReplace.h">
      <Filter>Header Files</Filter>
    </ClInclude>
    <ClInclude Include="SoundEdit.h">
      <Filter>Header Files</Filter>
    </ClInclude>
    <ClInclude Include="EnImageList.h">
      <Filter>Header Files</Filter>
    </ClInclude>
    <ClInclude Include="MenuComboBox.h">
      <Filter>Header Files</Filter>
    </ClInclude>
    <ClInclude Include="MessageBox.h">
      <Filter>Header Files</Filter>
    </ClInclude>
    <ClInclude Include="ComboListboxPositioner.h">
      <Filter>Header Files</Filter>
    </ClInclude>
    <ClInclude Include="ColorBrewerCombobox.h">
      <Filter>Header Files</Filter>
    </ClInclude>
    <ClInclude Include="ColorBrewer.h">
      <Filter>Header Files</Filter>
    </ClInclude>
    <ClInclude Include="ColourPickerEx.h">
      <Filter>Header Files</Filter>
    </ClInclude>
    <ClInclude Include="StatusBarACTEx.h">
      <Filter>Header Files</Filter>
    </ClInclude>
    <ClInclude Include="SendFileToEx.h">
      <Filter>Header Files</Filter>
    </ClInclude>
    <ClInclude Include="ColourPopupEx.h">
      <Filter>Header Files</Filter>
    </ClInclude>
    <ClInclude Include="MiniCalendarListCtrl.h">
      <Filter>Header Files</Filter>
    </ClInclude>
    <ClInclude Include="MiniCalendarCtrl.h">
      <Filter>Header Files</Filter>
    </ClInclude>
    <ClInclude Include="CalendarCtrlEx.h">
      <Filter>Header Files</Filter>
    </ClInclude>
    <ClInclude Include="RangeSliderCtrl.h">
      <Filter>Header Files</Filter>
    </ClInclude>
    <ClInclude Include="Recurrence.h">
      <Filter>Header Files</Filter>
    </ClInclude>
    <ClInclude Include="ScopedTimer.h">
      <Filter>Header Files</Filter>
    </ClInclude>
    <ClInclude Include="HMXChartEx.h">
      <Filter>Header Files</Filter>
    </ClInclude>
    <ClInclude Include="WorkingWeek.h">
      <Filter>Header Files</Filter>
    </ClInclude>
    <ClInclude Include="DateHelperEnums.h">
      <Filter>Header Files</Filter>
    </ClInclude>
    <ClInclude Include="TreeListCtrl.h">
      <Filter>Header Files</Filter>
    </ClInclude>
    <ClInclude Include="UrlParser.h">
      <Filter>Header Files</Filter>
    </ClInclude>
    <ClInclude Include="FileIcons.h">
      <Filter>Header Files</Filter>
    </ClInclude>
    <ClInclude Include="richeditbasectrl.h">
      <Filter>Header Files</Filter>
    </ClInclude>
  </ItemGroup>
  <ItemGroup>
    <Filter Include="Header Files">
      <UniqueIdentifier>{02eae6c4-c3a2-42d7-87ef-59cc77f706e4}</UniqueIdentifier>
      <Extensions>h;hpp;hxx;hm;inl;inc;xsd</Extensions>
    </Filter>
    <Filter Include="Source Files">
      <UniqueIdentifier>{979bbc84-f949-4edb-8beb-3b0907f0aab1}</UniqueIdentifier>
      <Extensions>cpp;c;cc;cxx;def;odl;idl;hpj;bat;asm;asmx</Extensions>
    </Filter>
    <Filter Include="Resource Files">
      <UniqueIdentifier>{2e2e3a98-dcbe-4808-a75f-c991fd49c1ec}</UniqueIdentifier>
      <Extensions>rc;ico;cur;bmp;dlg;rc2;rct;bin;rgs;gif;jpg;jpeg;jpe;resx;tiff;tif;png;wav;mfcribbon-ms</Extensions>
    </Filter>
  </ItemGroup>
</Project>