<?xml version="1.0" encoding="utf-8"?>
<Project ToolsVersion="4.0" xmlns="http://schemas.microsoft.com/developer/msbuild/2003">
  <ItemGroup>
    <ClCompile Include="CalendarExt.cpp">
      <Filter>Source Files</Filter>
    </ClCompile>
    <ClCompile Include="CalendarPreferencesDlg.cpp">
      <Filter>Source Files</Filter>
    </ClCompile>
    <ClCompile Include="CalendarWnd.cpp">
      <Filter>Source Files</Filter>
    </ClCompile>
    <ClCompile Include="CalStruct.cpp">
      <Filter>Source Files</Filter>
    </ClCompile>
    <ClCompile Include="StdAfx.cpp">
      <Filter>Source Files</Filter>
    </ClCompile>
    <ClCompile Include="TaskCalendarCtrl.cpp">
      <Filter>Source Files</Filter>
    </ClCompile>
  </ItemGroup>
  <ItemGroup>
    <ClInclude Include="CalendarExt.h">
      <Filter>Header Files</Filter>
    </ClInclude>
    <ClInclude Include="CalendarPreferencesDlg.h">
      <Filter>Header Files</Filter>
    </ClInclude>
    <ClInclude Include="CalendarWnd.h">
      <Filter>Header Files</Filter>
    </ClInclude>
    <ClInclude Include="CalEnum.h">
      <Filter>Header Files</Filter>
    </ClInclude>
    <ClInclude Include="CalStruct.h">
      <Filter>Header Files</Filter>
    </ClInclude>
    <ClInclude Include="TaskCalendarCtrl.h">
      <Filter>Header Files</Filter>
    </ClInclude>
    <ClInclude Include="StdAfx.h">
      <Filter>Header Files</Filter>
    </ClInclude>
    <ClInclude Include="resource.h">
      <Filter>Header Files</Filter>
    </ClInclude>
  </ItemGroup>
  <ItemGroup>
    <None Include="res\CalendarExt.rc2">
      <Filter>Source Files</Filter>
    </None>
    <None Include="res\icon1.ico">
      <Filter>Resource Files</Filter>
    </None>
    <None Include="res\toolbar1.bmp">
      <Filter>Resource Files</Filter>
    </None>
    <None Include="res\minical_arrow_L.bmp">
      <Filter>Resource Files</Filter>
    </None>
    <None Include="res\minical_arrow_R.bmp">
      <Filter>Resource Files</Filter>
    </None>
    <None Include="res\help_button.ico">
      <Filter>Resource Files</Filter>
    </None>
    <None Include="res\toolbar.bmp">
      <Filter>Resource Files</Filter>
    </None>
    <None Include="RES\toolbar_std.bmp">
      <Filter>Resource Files</Filter>
    </None>
  </ItemGroup>
  <ItemGroup>
    <Filter Include="Header Files">
      <UniqueIdentifier>{b2e42df1-deaa-4a00-9ce4-3f6ce83bb0d3}</UniqueIdentifier>
      <Extensions>h;hpp;hxx;hm;inl;inc;xsd</Extensions>
    </Filter>
    <Filter Include="Source Files">
      <UniqueIdentifier>{94bd03d4-06e1-4437-bd2d-37bb925682de}</UniqueIdentifier>
      <Extensions>cpp;c;cc;cxx;def;odl;idl;hpj;bat;asm;asmx</Extensions>
    </Filter>
    <Filter Include="Resource Files">
      <UniqueIdentifier>{efe82bdf-719e-4c54-92c3-12ed8fe89236}</UniqueIdentifier>
      <Extensions>rc;ico;cur;bmp;dlg;rc2;rct;bin;rgs;gif;jpg;jpeg;jpe;resx;tiff;tif;png;wav;mfcribbon-ms</Extensions>
    </Filter>
  </ItemGroup>
  <ItemGroup>
    <ResourceCompile Include="CalendarExt.rc">
      <Filter>Source Files</Filter>
    </ResourceCompile>
  </ItemGroup>
</Project>