<?xml version="1.0" encoding="utf-8"?>
<Project ToolsVersion="4.0" xmlns="http://schemas.microsoft.com/developer/msbuild/2003">
  <ItemGroup>
    <Filter Include="Source Files">
      <UniqueIdentifier>{f54d5e3c-12a1-412f-b682-68458f5f62ed}</UniqueIdentifier>
      <Extensions>cpp;c;cxx;rc;def;r;odl;idl;hpj;bat</Extensions>
    </Filter>
    <Filter Include="Header Files">
      <UniqueIdentifier>{26466217-94af-406e-9023-1690074484f3}</UniqueIdentifier>
      <Extensions>h;hpp;hxx;hm;inl</Extensions>
    </Filter>
    <Filter Include="Resource Files">
      <UniqueIdentifier>{76618e62-806f-435b-8bc3-03bbb604434b}</UniqueIdentifier>
      <Extensions>ico;cur;bmp;dlg;rc2;rct;bin;rgs;gif;jpg;jpeg;jpe</Extensions>
    </Filter>
  </ItemGroup>
  <ItemGroup>
    <ClCompile Include="StdAfx.cpp">
      <Filter>Source Files</Filter>
    </ClCompile>
    <ClCompile Include="WorkloadExt.cpp">
      <Filter>Source Files</Filter>
    </ClCompile>
    <ClCompile Include="WorkloadPreferencesDlg.cpp">
      <Filter>Source Files</Filter>
    </ClCompile>
    <ClCompile Include="WorkloadStruct.cpp">
      <Filter>Source Files</Filter>
    </ClCompile>
    <ClCompile Include="WorkloadWnd.cpp">
      <Filter>Source Files</Filter>
    </ClCompile>
    <ClCompile Include="WorkloadCtrl.cpp">
      <Filter>Source Files</Filter>
    </ClCompile>
    <ClCompile Include="EditAllocationsDlg.cpp">
      <Filter>Source Files</Filter>
    </ClCompile>
    <ClCompile Include="EditAllocationsListCtrl.cpp">
      <Filter>Source Files</Filter>
    </ClCompile>
    <ClCompile Include="WorkloadChart.cpp">
      <Filter>Source Files</Filter>
    </ClCompile>
  </ItemGroup>
  <ItemGroup>
    <ResourceCompile Include="WorkloadExt.rc">
      <Filter>Source Files</Filter>
    </ResourceCompile>
  </ItemGroup>
  <ItemGroup>
    <ClInclude Include="Resource.h">
      <Filter>Header Files</Filter>
    </ClInclude>
    <ClInclude Include="StdAfx.h">
      <Filter>Header Files</Filter>
    </ClInclude>
    <ClInclude Include="WorkloadEnum.h">
      <Filter>Header Files</Filter>
    </ClInclude>
    <ClInclude Include="WorkloadExt.h">
      <Filter>Header Files</Filter>
    </ClInclude>
    <ClInclude Include="WorkloadMsg.h">
      <Filter>Header Files</Filter>
    </ClInclude>
    <ClInclude Include="WorkloadPreferencesDlg.h">
      <Filter>Header Files</Filter>
    </ClInclude>
    <ClInclude Include="WorkloadStatic.h">
      <Filter>Header Files</Filter>
    </ClInclude>
    <ClInclude Include="WorkloadStruct.h">
      <Filter>Header Files</Filter>
    </ClInclude>
    <ClInclude Include="WorkloadWnd.h">
      <Filter>Header Files</Filter>
    </ClInclude>
    <ClInclude Include="WorkloadCtrl.h">
      <Filter>Header Files</Filter>
    </ClInclude>
    <ClInclude Include="EditAllocationsDlg.h">
      <Filter>Header Files</Filter>
    </ClInclude>
    <ClInclude Include="EditAllocationsListCtrl.h">
      <Filter>Header Files</Filter>
    </ClInclude>
    <ClInclude Include="WorkloadChart.h">
      <Filter>Header Files</Filter>
    </ClInclude>
  </ItemGroup>
  <ItemGroup>
    <CustomBuild Include="res\help_button.ico">
      <Filter>Resource Files</Filter>
    </CustomBuild>
    <CustomBuild Include="res\toolbar.bmp">
      <Filter>Resource Files</Filter>
    </CustomBuild>
    <CustomBuild Include="res\toolbar_std.bmp">
      <Filter>Resource Files</Filter>
    </CustomBuild>
    <CustomBuild Include="res\WorkloadExt.rc2">
      <Filter>Resource Files</Filter>
    </CustomBuild>
    <CustomBuild Include="res\XPcheckboxes.bmp">
      <Filter>Resource Files</Filter>
    </CustomBuild>
    <CustomBuild Include="WorkloadExt.vcxproj" />
    <CustomBuild Include="WorkloadExt.vcxproj.filters" />
  </ItemGroup>
  <ItemGroup>
    <None Include="res\workload.ico">
      <Filter>Resource Files</Filter>
    </None>
  </ItemGroup>
</Project>