
Microsoft Visual Studio Solution File, Format Version 12.00
# Visual Studio 14
VisualStudioVersion = 14.0.25420.1
MinimumVisualStudioVersion = 10.0.40219.1
Project("{8BC9CEB8-8B4A-11D0-8D11-00A0C91BC942}") = "3rdParty", "3rdParty\3rdParty.vcxproj", "{E15C17B8-C080-492F-BBB8-BF9E84A0EA31}"
EndProject
Project("{8BC9CEB8-8B4A-11D0-8D11-00A0C91BC942}") = "Shared", "Shared\Shared.vcxproj", "{95605899-9C90-40D8-8774-D1DA1FCE7464}"
EndProject
Project("{8BC9CEB8-8B4A-11D0-8D11-00A0C91BC942}") = "TDLTest", "TDLTest\TDLTest.vcxproj", "{9F8F45D4-C492-4653-8456-513D668DEF34}"
	ProjectSection(ProjectDependencies) = postProject
		{378A4533-2901-469B-84CB-10EA55D8F18E} = {378A4533-2901-469B-84CB-10EA55D8F18E}
		{255AD27A-87B1-4E26-A6A7-5E5AFB6BFAB5} = {255AD27A-87B1-4E26-A6A7-5E5AFB6BFAB5}
		{940BE78E-1486-7F9B-02B3-6F0113741A6A} = {940BE78E-1486-7F9B-02B3-6F0113741A6A}
	EndProjectSection
EndProject
Project("{8BC9CEB8-8B4A-11D0-8D11-00A0C91BC942}") = "ToDoList", "ToDoList\ToDoList.vcxproj", "{255AD27A-87B1-4E26-A6A7-5E5AFB6BFAB5}"
	ProjectSection(ProjectDependencies) = postProject
		{378A4533-2901-469B-84CB-10EA55D8F18E} = {378A4533-2901-469B-84CB-10EA55D8F18E}
		{940BE78E-1486-7F9B-02B3-6F0113741A6A} = {940BE78E-1486-7F9B-02B3-6F0113741A6A}
		{A234E4E0-47DE-4D77-BDBA-EE17C021C95D} = {A234E4E0-47DE-4D77-BDBA-EE17C021C95D}
	EndProjectSection
EndProject
Project("{8BC9CEB8-8B4A-11D0-8D11-00A0C91BC942}") = "Interfaces", "Interfaces\Interfaces.vcxproj", "{A234E4E0-47DE-4D77-BDBA-EE17C021C95D}"
EndProject
Project("{8BC9CEB8-8B4A-11D0-8D11-00A0C91BC942}") = "ToDoListLib", "ToDoListLib\ToDoListLib.vcxproj", "{940BE78E-1486-7F9B-02B3-6F0113741A6A}"
EndProject
Project("{8BC9CEB8-8B4A-11D0-8D11-00A0C91BC942}") = "TDLUpdate", "TDLUpdate\TDLUpdate.vcxproj", "{378A4533-2901-469B-84CB-10EA55D8F18E}"
EndProject
Project("{8BC9CEB8-8B4A-11D0-8D11-00A0C91BC942}") = "IEPrintPreview", "IEPrintPreview\IEPrintPreview.vcxproj", "{C231E8FF-2F01-46CB-A357-A6E92B9CED64}"
EndProject
Global
	GlobalSection(SolutionConfigurationPlatforms) = preSolution
		Debug|Any CPU = Debug|Any CPU
		Debug|Win32 = Debug|Win32
		Debug|x64 = Debug|x64
		Debug|x86 = Debug|x86
		Release|Any CPU = Release|Any CPU
		Release|Win32 = Release|Win32
		Release|x64 = Release|x64
		Release|x86 = Release|x86
		ReleaseGallot|Any CPU = ReleaseGallot|Any CPU
		ReleaseGallot|Win32 = ReleaseGallot|Win32
		ReleaseGallot|x64 = ReleaseGallot|x64
		ReleaseGallot|x86 = ReleaseGallot|x86
		Template|Any CPU = Template|Any CPU
		Template|Win32 = Template|Win32
		Template|x64 = Template|x64
		Template|x86 = Template|x86
		Unicode Debug|Any CPU = Unicode Debug|Any CPU
		Unicode Debug|Win32 = Unicode Debug|Win32
		Unicode Debug|x64 = Unicode Debug|x64
		Unicode Debug|x86 = Unicode Debug|x86
		Unicode Release|Any CPU = Unicode Release|Any CPU
		Unicode Release|Win32 = Unicode Release|Win32
		Unicode Release|x64 = Unicode Release|x64
		Unicode Release|x86 = Unicode Release|x86
		Unicode_Debug|Any CPU = Unicode_Debug|Any CPU
		Unicode_Debug|Win32 = Unicode_Debug|Win32
		Unicode_Debug|x64 = Unicode_Debug|x64
		Unicode_Debug|x86 = Unicode_Debug|x86
		Unicode_Release|Any CPU = Unicode_Release|Any CPU
		Unicode_Release|Win32 = Unicode_Release|Win32
		Unicode_Release|x64 = Unicode_Release|x64
		Unicode_Release|x86 = Unicode_Release|x86
	EndGlobalSection
	GlobalSection(ProjectConfigurationPlatforms) = postSolution
		{E15C17B8-C080-492F-BBB8-BF9E84A0EA31}.Debug|Any CPU.ActiveCfg = Unicode Release|Win32
		{E15C17B8-C080-492F-BBB8-BF9E84A0EA31}.Debug|Win32.ActiveCfg = Unicode Debug|Win32
		{E15C17B8-C080-492F-BBB8-BF9E84A0EA31}.Debug|Win32.Build.0 = Unicode Debug|Win32
		{E15C17B8-C080-492F-BBB8-BF9E84A0EA31}.Debug|x64.ActiveCfg = Unicode Release|Win32
		{E15C17B8-C080-492F-BBB8-BF9E84A0EA31}.Debug|x64.Build.0 = Unicode Release|Win32
		{E15C17B8-C080-492F-BBB8-BF9E84A0EA31}.Debug|x86.ActiveCfg = Unicode Debug|Win32
		{E15C17B8-C080-492F-BBB8-BF9E84A0EA31}.Release|Any CPU.ActiveCfg = Unicode Release|Win32
		{E15C17B8-C080-492F-BBB8-BF9E84A0EA31}.Release|Win32.ActiveCfg = Unicode Release|Win32
		{E15C17B8-C080-492F-BBB8-BF9E84A0EA31}.Release|Win32.Build.0 = Unicode Release|Win32
		{E15C17B8-C080-492F-BBB8-BF9E84A0EA31}.Release|x64.ActiveCfg = Unicode Release|Win32
		{E15C17B8-C080-492F-BBB8-BF9E84A0EA31}.Release|x64.Build.0 = Unicode Release|Win32
		{E15C17B8-C080-492F-BBB8-BF9E84A0EA31}.Release|x86.ActiveCfg = Unicode Release|Win32
		{E15C17B8-C080-492F-BBB8-BF9E84A0EA31}.ReleaseGallot|Any CPU.ActiveCfg = Unicode Release|Win32
		{E15C17B8-C080-492F-BBB8-BF9E84A0EA31}.ReleaseGallot|Win32.ActiveCfg = Unicode Release|Win32
		{E15C17B8-C080-492F-BBB8-BF9E84A0EA31}.ReleaseGallot|x64.ActiveCfg = Unicode Release|Win32
		{E15C17B8-C080-492F-BBB8-BF9E84A0EA31}.ReleaseGallot|x86.ActiveCfg = Unicode Release|Win32
		{E15C17B8-C080-492F-BBB8-BF9E84A0EA31}.Template|Any CPU.ActiveCfg = Unicode Release|Win32
		{E15C17B8-C080-492F-BBB8-BF9E84A0EA31}.Template|Win32.ActiveCfg = Unicode Release|Win32
		{E15C17B8-C080-492F-BBB8-BF9E84A0EA31}.Template|x64.ActiveCfg = Unicode Release|Win32
		{E15C17B8-C080-492F-BBB8-BF9E84A0EA31}.Template|x86.ActiveCfg = Unicode Release|Win32
		{E15C17B8-C080-492F-BBB8-BF9E84A0EA31}.Unicode Debug|Any CPU.ActiveCfg = Unicode Debug|Win32
		{E15C17B8-C080-492F-BBB8-BF9E84A0EA31}.Unicode Debug|Win32.ActiveCfg = Unicode Debug|Win32
		{E15C17B8-C080-492F-BBB8-BF9E84A0EA31}.Unicode Debug|Win32.Build.0 = Unicode Debug|Win32
		{E15C17B8-C080-492F-BBB8-BF9E84A0EA31}.Unicode Debug|x64.ActiveCfg = Unicode Debug|Win32
		{E15C17B8-C080-492F-BBB8-BF9E84A0EA31}.Unicode Debug|x86.ActiveCfg = Unicode Debug|Win32
		{E15C17B8-C080-492F-BBB8-BF9E84A0EA31}.Unicode Release|Any CPU.ActiveCfg = Unicode Release|Win32
		{E15C17B8-C080-492F-BBB8-BF9E84A0EA31}.Unicode Release|Win32.ActiveCfg = Unicode Release|Win32
		{E15C17B8-C080-492F-BBB8-BF9E84A0EA31}.Unicode Release|Win32.Build.0 = Unicode Release|Win32
		{E15C17B8-C080-492F-BBB8-BF9E84A0EA31}.Unicode Release|x64.ActiveCfg = Unicode Release|Win32
		{E15C17B8-C080-492F-BBB8-BF9E84A0EA31}.Unicode Release|x86.ActiveCfg = Unicode Release|Win32
		{E15C17B8-C080-492F-BBB8-BF9E84A0EA31}.Unicode_Debug|Any CPU.ActiveCfg = Unicode Release|Win32
		{E15C17B8-C080-492F-BBB8-BF9E84A0EA31}.Unicode_Debug|Win32.ActiveCfg = Unicode Release|Win32
		{E15C17B8-C080-492F-BBB8-BF9E84A0EA31}.Unicode_Debug|x64.ActiveCfg = Unicode Release|Win32
		{E15C17B8-C080-492F-BBB8-BF9E84A0EA31}.Unicode_Debug|x86.ActiveCfg = Unicode Release|Win32
		{E15C17B8-C080-492F-BBB8-BF9E84A0EA31}.Unicode_Release|Any CPU.ActiveCfg = Unicode Release|Win32
		{E15C17B8-C080-492F-BBB8-BF9E84A0EA31}.Unicode_Release|Win32.ActiveCfg = Unicode Release|Win32
		{E15C17B8-C080-492F-BBB8-BF9E84A0EA31}.Unicode_Release|x64.ActiveCfg = Unicode Release|Win32
		{E15C17B8-C080-492F-BBB8-BF9E84A0EA31}.Unicode_Release|x86.ActiveCfg = Unicode Release|Win32
		{95605899-9C90-40D8-8774-D1DA1FCE7464}.Debug|Any CPU.ActiveCfg = Unicode Release|Win32
		{95605899-9C90-40D8-8774-D1DA1FCE7464}.Debug|Win32.ActiveCfg = Unicode Debug|Win32
		{95605899-9C90-40D8-8774-D1DA1FCE7464}.Debug|Win32.Build.0 = Unicode Debug|Win32
		{95605899-9C90-40D8-8774-D1DA1FCE7464}.Debug|x64.ActiveCfg = Unicode Release|Win32
		{95605899-9C90-40D8-8774-D1DA1FCE7464}.Debug|x64.Build.0 = Unicode Release|Win32
		{95605899-9C90-40D8-8774-D1DA1FCE7464}.Debug|x86.ActiveCfg = Unicode Debug|Win32
		{95605899-9C90-40D8-8774-D1DA1FCE7464}.Release|Any CPU.ActiveCfg = Unicode Release|Win32
		{95605899-9C90-40D8-8774-D1DA1FCE7464}.Release|Win32.ActiveCfg = Unicode Release|Win32
		{95605899-9C90-40D8-8774-D1DA1FCE7464}.Release|Win32.Build.0 = Unicode Release|Win32
		{95605899-9C90-40D8-8774-D1DA1FCE7464}.Release|x64.ActiveCfg = Unicode Release|Win32
		{95605899-9C90-40D8-8774-D1DA1FCE7464}.Release|x64.Build.0 = Unicode Release|Win32
		{95605899-9C90-40D8-8774-D1DA1FCE7464}.Release|x86.ActiveCfg = Unicode Release|Win32
		{95605899-9C90-40D8-8774-D1DA1FCE7464}.ReleaseGallot|Any CPU.ActiveCfg = Unicode Release|Win32
		{95605899-9C90-40D8-8774-D1DA1FCE7464}.ReleaseGallot|Win32.ActiveCfg = Unicode Release|Win32
		{95605899-9C90-40D8-8774-D1DA1FCE7464}.ReleaseGallot|x64.ActiveCfg = Unicode Release|Win32
		{95605899-9C90-40D8-8774-D1DA1FCE7464}.ReleaseGallot|x86.ActiveCfg = Unicode Release|Win32
		{95605899-9C90-40D8-8774-D1DA1FCE7464}.Template|Any CPU.ActiveCfg = Unicode Release|Win32
		{95605899-9C90-40D8-8774-D1DA1FCE7464}.Template|Win32.ActiveCfg = Unicode Release|Win32
		{95605899-9C90-40D8-8774-D1DA1FCE7464}.Template|x64.ActiveCfg = Unicode Release|Win32
		{95605899-9C90-40D8-8774-D1DA1FCE7464}.Template|x86.ActiveCfg = Unicode Release|Win32
		{95605899-9C90-40D8-8774-D1DA1FCE7464}.Unicode Debug|Any CPU.ActiveCfg = Unicode Debug|Win32
		{95605899-9C90-40D8-8774-D1DA1FCE7464}.Unicode Debug|Win32.ActiveCfg = Unicode Debug|Win32
		{95605899-9C90-40D8-8774-D1DA1FCE7464}.Unicode Debug|Win32.Build.0 = Unicode Debug|Win32
		{95605899-9C90-40D8-8774-D1DA1FCE7464}.Unicode Debug|x64.ActiveCfg = Unicode Debug|Win32
		{95605899-9C90-40D8-8774-D1DA1FCE7464}.Unicode Debug|x86.ActiveCfg = Unicode Debug|Win32
		{95605899-9C90-40D8-8774-D1DA1FCE7464}.Unicode Release|Any CPU.ActiveCfg = Unicode Release|Win32
		{95605899-9C90-40D8-8774-D1DA1FCE7464}.Unicode Release|Win32.ActiveCfg = Unicode Release|Win32
		{95605899-9C90-40D8-8774-D1DA1FCE7464}.Unicode Release|Win32.Build.0 = Unicode Release|Win32
		{95605899-9C90-40D8-8774-D1DA1FCE7464}.Unicode Release|x64.ActiveCfg = Unicode Release|Win32
		{95605899-9C90-40D8-8774-D1DA1FCE7464}.Unicode Release|x86.ActiveCfg = Unicode Release|Win32
		{95605899-9C90-40D8-8774-D1DA1FCE7464}.Unicode_Debug|Any CPU.ActiveCfg = Unicode Release|Win32
		{95605899-9C90-40D8-8774-D1DA1FCE7464}.Unicode_Debug|Win32.ActiveCfg = Unicode Release|Win32
		{95605899-9C90-40D8-8774-D1DA1FCE7464}.Unicode_Debug|x64.ActiveCfg = Unicode Release|Win32
		{95605899-9C90-40D8-8774-D1DA1FCE7464}.Unicode_Debug|x86.ActiveCfg = Unicode Release|Win32
		{95605899-9C90-40D8-8774-D1DA1FCE7464}.Unicode_Release|Any CPU.ActiveCfg = Unicode Release|Win32
		{95605899-9C90-40D8-8774-D1DA1FCE7464}.Unicode_Release|Win32.ActiveCfg = Unicode Release|Win32
		{95605899-9C90-40D8-8774-D1DA1FCE7464}.Unicode_Release|x64.ActiveCfg = Unicode Release|Win32
		{95605899-9C90-40D8-8774-D1DA1FCE7464}.Unicode_Release|x86.ActiveCfg = Unicode Release|Win32
		{9F8F45D4-C492-4653-8456-513D668DEF34}.Debug|Any CPU.ActiveCfg = Unicode Release|Win32
		{9F8F45D4-C492-4653-8456-513D668DEF34}.Debug|Win32.ActiveCfg = Unicode Debug|Win32
		{9F8F45D4-C492-4653-8456-513D668DEF34}.Debug|Win32.Build.0 = Unicode Debug|Win32
		{9F8F45D4-C492-4653-8456-513D668DEF34}.Debug|x64.ActiveCfg = Unicode Release|Win32
		{9F8F45D4-C492-4653-8456-513D668DEF34}.Debug|x64.Build.0 = Unicode Release|Win32
		{9F8F45D4-C492-4653-8456-513D668DEF34}.Debug|x86.ActiveCfg = Unicode Debug|Win32
		{9F8F45D4-C492-4653-8456-513D668DEF34}.Release|Any CPU.ActiveCfg = Unicode Release|Win32
		{9F8F45D4-C492-4653-8456-513D668DEF34}.Release|Win32.ActiveCfg = Unicode Release|Win32
		{9F8F45D4-C492-4653-8456-513D668DEF34}.Release|Win32.Build.0 = Unicode Release|Win32
		{9F8F45D4-C492-4653-8456-513D668DEF34}.Release|x64.ActiveCfg = Unicode Release|Win32
		{9F8F45D4-C492-4653-8456-513D668DEF34}.Release|x64.Build.0 = Unicode Release|Win32
		{9F8F45D4-C492-4653-8456-513D668DEF34}.Release|x86.ActiveCfg = Unicode Release|Win32
		{9F8F45D4-C492-4653-8456-513D668DEF34}.ReleaseGallot|Any CPU.ActiveCfg = Unicode Release|Win32
		{9F8F45D4-C492-4653-8456-513D668DEF34}.ReleaseGallot|Win32.ActiveCfg = Unicode Release|Win32
		{9F8F45D4-C492-4653-8456-513D668DEF34}.ReleaseGallot|x64.ActiveCfg = Unicode Release|Win32
		{9F8F45D4-C492-4653-8456-513D668DEF34}.ReleaseGallot|x86.ActiveCfg = Unicode Release|Win32
		{9F8F45D4-C492-4653-8456-513D668DEF34}.Template|Any CPU.ActiveCfg = Unicode Release|Win32
		{9F8F45D4-C492-4653-8456-513D668DEF34}.Template|Win32.ActiveCfg = Unicode Release|Win32
		{9F8F45D4-C492-4653-8456-513D668DEF34}.Template|x64.ActiveCfg = Unicode Release|Win32
		{9F8F45D4-C492-4653-8456-513D668DEF34}.Template|x86.ActiveCfg = Unicode Release|Win32
		{9F8F45D4-C492-4653-8456-513D668DEF34}.Unicode Debug|Any CPU.ActiveCfg = Unicode Debug|Win32
		{9F8F45D4-C492-4653-8456-513D668DEF34}.Unicode Debug|Win32.ActiveCfg = Unicode Debug|Win32
		{9F8F45D4-C492-4653-8456-513D668DEF34}.Unicode Debug|Win32.Build.0 = Unicode Debug|Win32
		{9F8F45D4-C492-4653-8456-513D668DEF34}.Unicode Debug|x64.ActiveCfg = Unicode Debug|Win32
		{9F8F45D4-C492-4653-8456-513D668DEF34}.Unicode Debug|x86.ActiveCfg = Unicode Debug|Win32
		{9F8F45D4-C492-4653-8456-513D668DEF34}.Unicode Release|Any CPU.ActiveCfg = Unicode Release|Win32
		{9F8F45D4-C492-4653-8456-513D668DEF34}.Unicode Release|Win32.ActiveCfg = Unicode Release|Win32
		{9F8F45D4-C492-4653-8456-513D668DEF34}.Unicode Release|Win32.Build.0 = Unicode Release|Win32
		{9F8F45D4-C492-4653-8456-513D668DEF34}.Unicode Release|x64.ActiveCfg = Unicode Release|Win32
		{9F8F45D4-C492-4653-8456-513D668DEF34}.Unicode Release|x86.ActiveCfg = Unicode Release|Win32
		{9F8F45D4-C492-4653-8456-513D668DEF34}.Unicode_Debug|Any CPU.ActiveCfg = Unicode Release|Win32
		{9F8F45D4-C492-4653-8456-513D668DEF34}.Unicode_Debug|Win32.ActiveCfg = Unicode Release|Win32
		{9F8F45D4-C492-4653-8456-513D668DEF34}.Unicode_Debug|x64.ActiveCfg = Unicode Release|Win32
		{9F8F45D4-C492-4653-8456-513D668DEF34}.Unicode_Debug|x86.ActiveCfg = Unicode Release|Win32
		{9F8F45D4-C492-4653-8456-513D668DEF34}.Unicode_Release|Any CPU.ActiveCfg = Unicode Release|Win32
		{9F8F45D4-C492-4653-8456-513D668DEF34}.Unicode_Release|Win32.ActiveCfg = Unicode Release|Win32
		{9F8F45D4-C492-4653-8456-513D668DEF34}.Unicode_Release|x64.ActiveCfg = Unicode Release|Win32
		{9F8F45D4-C492-4653-8456-513D668DEF34}.Unicode_Release|x86.ActiveCfg = Unicode Release|Win32
		{255AD27A-87B1-4E26-A6A7-5E5AFB6BFAB5}.Debug|Any CPU.ActiveCfg = Unicode Release|Win32
		{255AD27A-87B1-4E26-A6A7-5E5AFB6BFAB5}.Debug|Win32.ActiveCfg = Unicode Debug|Win32
		{255AD27A-87B1-4E26-A6A7-5E5AFB6BFAB5}.Debug|Win32.Build.0 = Unicode Debug|Win32
		{255AD27A-87B1-4E26-A6A7-5E5AFB6BFAB5}.Debug|x64.ActiveCfg = Unicode Release|Win32
		{255AD27A-87B1-4E26-A6A7-5E5AFB6BFAB5}.Debug|x64.Build.0 = Unicode Release|Win32
		{255AD27A-87B1-4E26-A6A7-5E5AFB6BFAB5}.Debug|x86.ActiveCfg = Unicode Debug|Win32
		{255AD27A-87B1-4E26-A6A7-5E5AFB6BFAB5}.Release|Any CPU.ActiveCfg = Unicode Release|Win32
		{255AD27A-87B1-4E26-A6A7-5E5AFB6BFAB5}.Release|Win32.ActiveCfg = Unicode Release|Win32
		{255AD27A-87B1-4E26-A6A7-5E5AFB6BFAB5}.Release|Win32.Build.0 = Unicode Release|Win32
		{255AD27A-87B1-4E26-A6A7-5E5AFB6BFAB5}.Release|x64.ActiveCfg = Unicode Release|Win32
		{255AD27A-87B1-4E26-A6A7-5E5AFB6BFAB5}.Release|x64.Build.0 = Unicode Release|Win32
		{255AD27A-87B1-4E26-A6A7-5E5AFB6BFAB5}.Release|x86.ActiveCfg = Unicode Release|Win32
		{255AD27A-87B1-4E26-A6A7-5E5AFB6BFAB5}.ReleaseGallot|Any CPU.ActiveCfg = Unicode Release|Win32
		{255AD27A-87B1-4E26-A6A7-5E5AFB6BFAB5}.ReleaseGallot|Win32.ActiveCfg = Unicode Release|Win32
		{255AD27A-87B1-4E26-A6A7-5E5AFB6BFAB5}.ReleaseGallot|x64.ActiveCfg = Unicode Release|Win32
		{255AD27A-87B1-4E26-A6A7-5E5AFB6BFAB5}.ReleaseGallot|x86.ActiveCfg = Unicode Release|Win32
		{255AD27A-87B1-4E26-A6A7-5E5AFB6BFAB5}.Template|Any CPU.ActiveCfg = Unicode Release|Win32
		{255AD27A-87B1-4E26-A6A7-5E5AFB6BFAB5}.Template|Win32.ActiveCfg = Unicode Release|Win32
		{255AD27A-87B1-4E26-A6A7-5E5AFB6BFAB5}.Template|x64.ActiveCfg = Unicode Release|Win32
		{255AD27A-87B1-4E26-A6A7-5E5AFB6BFAB5}.Template|x86.ActiveCfg = Unicode Release|Win32
		{255AD27A-87B1-4E26-A6A7-5E5AFB6BFAB5}.Unicode Debug|Any CPU.ActiveCfg = Unicode Debug|Win32
		{255AD27A-87B1-4E26-A6A7-5E5AFB6BFAB5}.Unicode Debug|Win32.ActiveCfg = Unicode Debug|Win32
		{255AD27A-87B1-4E26-A6A7-5E5AFB6BFAB5}.Unicode Debug|Win32.Build.0 = Unicode Debug|Win32
		{255AD27A-87B1-4E26-A6A7-5E5AFB6BFAB5}.Unicode Debug|x64.ActiveCfg = Unicode Debug|Win32
		{255AD27A-87B1-4E26-A6A7-5E5AFB6BFAB5}.Unicode Debug|x86.ActiveCfg = Unicode Debug|Win32
		{255AD27A-87B1-4E26-A6A7-5E5AFB6BFAB5}.Unicode Release|Any CPU.ActiveCfg = Unicode Release|Win32
		{255AD27A-87B1-4E26-A6A7-5E5AFB6BFAB5}.Unicode Release|Win32.ActiveCfg = Unicode Release|Win32
		{255AD27A-87B1-4E26-A6A7-5E5AFB6BFAB5}.Unicode Release|Win32.Build.0 = Unicode Release|Win32
		{255AD27A-87B1-4E26-A6A7-5E5AFB6BFAB5}.Unicode Release|x64.ActiveCfg = Unicode Release|Win32
		{255AD27A-87B1-4E26-A6A7-5E5AFB6BFAB5}.Unicode Release|x86.ActiveCfg = Unicode Release|Win32
		{255AD27A-87B1-4E26-A6A7-5E5AFB6BFAB5}.Unicode_Debug|Any CPU.ActiveCfg = Unicode Release|Win32
		{255AD27A-87B1-4E26-A6A7-5E5AFB6BFAB5}.Unicode_Debug|Win32.ActiveCfg = Unicode Release|Win32
		{255AD27A-87B1-4E26-A6A7-5E5AFB6BFAB5}.Unicode_Debug|x64.ActiveCfg = Unicode Release|Win32
		{255AD27A-87B1-4E26-A6A7-5E5AFB6BFAB5}.Unicode_Debug|x86.ActiveCfg = Unicode Release|Win32
		{255AD27A-87B1-4E26-A6A7-5E5AFB6BFAB5}.Unicode_Release|Any CPU.ActiveCfg = Unicode Release|Win32
		{255AD27A-87B1-4E26-A6A7-5E5AFB6BFAB5}.Unicode_Release|Win32.ActiveCfg = Unicode Release|Win32
		{255AD27A-87B1-4E26-A6A7-5E5AFB6BFAB5}.Unicode_Release|x64.ActiveCfg = Unicode Release|Win32
		{255AD27A-87B1-4E26-A6A7-5E5AFB6BFAB5}.Unicode_Release|x86.ActiveCfg = Unicode Release|Win32
		{A234E4E0-47DE-4D77-BDBA-EE17C021C95D}.Debug|Any CPU.ActiveCfg = Unicode Release|Win32
		{A234E4E0-47DE-4D77-BDBA-EE17C021C95D}.Debug|Win32.ActiveCfg = Unicode Debug|Win32
		{A234E4E0-47DE-4D77-BDBA-EE17C021C95D}.Debug|Win32.Build.0 = Unicode Debug|Win32
		{A234E4E0-47DE-4D77-BDBA-EE17C021C95D}.Debug|x64.ActiveCfg = Unicode Release|Win32
		{A234E4E0-47DE-4D77-BDBA-EE17C021C95D}.Debug|x64.Build.0 = Unicode Release|Win32
		{A234E4E0-47DE-4D77-BDBA-EE17C021C95D}.Debug|x86.ActiveCfg = Unicode Debug|Win32
		{A234E4E0-47DE-4D77-BDBA-EE17C021C95D}.Release|Any CPU.ActiveCfg = Unicode Release|Win32
		{A234E4E0-47DE-4D77-BDBA-EE17C021C95D}.Release|Win32.ActiveCfg = Unicode Release|Win32
		{A234E4E0-47DE-4D77-BDBA-EE17C021C95D}.Release|Win32.Build.0 = Unicode Release|Win32
		{A234E4E0-47DE-4D77-BDBA-EE17C021C95D}.Release|x64.ActiveCfg = Unicode Release|Win32
		{A234E4E0-47DE-4D77-BDBA-EE17C021C95D}.Release|x64.Build.0 = Unicode Release|Win32
		{A234E4E0-47DE-4D77-BDBA-EE17C021C95D}.Release|x86.ActiveCfg = Unicode Release|Win32
		{A234E4E0-47DE-4D77-BDBA-EE17C021C95D}.ReleaseGallot|Any CPU.ActiveCfg = Unicode Release|Win32
		{A234E4E0-47DE-4D77-BDBA-EE17C021C95D}.ReleaseGallot|Win32.ActiveCfg = Unicode Release|Win32
		{A234E4E0-47DE-4D77-BDBA-EE17C021C95D}.ReleaseGallot|x64.ActiveCfg = Unicode Release|Win32
		{A234E4E0-47DE-4D77-BDBA-EE17C021C95D}.ReleaseGallot|x86.ActiveCfg = Unicode Release|Win32
		{A234E4E0-47DE-4D77-BDBA-EE17C021C95D}.Template|Any CPU.ActiveCfg = Unicode Release|Win32
		{A234E4E0-47DE-4D77-BDBA-EE17C021C95D}.Template|Win32.ActiveCfg = Unicode Release|Win32
		{A234E4E0-47DE-4D77-BDBA-EE17C021C95D}.Template|x64.ActiveCfg = Unicode Release|Win32
		{A234E4E0-47DE-4D77-BDBA-EE17C021C95D}.Template|x86.ActiveCfg = Unicode Release|Win32
		{A234E4E0-47DE-4D77-BDBA-EE17C021C95D}.Unicode Debug|Any CPU.ActiveCfg = Unicode Debug|Win32
		{A234E4E0-47DE-4D77-BDBA-EE17C021C95D}.Unicode Debug|Win32.ActiveCfg = Unicode Debug|Win32
		{A234E4E0-47DE-4D77-BDBA-EE17C021C95D}.Unicode Debug|Win32.Build.0 = Unicode Debug|Win32
		{A234E4E0-47DE-4D77-BDBA-EE17C021C95D}.Unicode Debug|x64.ActiveCfg = Unicode Debug|Win32
		{A234E4E0-47DE-4D77-BDBA-EE17C021C95D}.Unicode Debug|x86.ActiveCfg = Unicode Debug|Win32
		{A234E4E0-47DE-4D77-BDBA-EE17C021C95D}.Unicode Release|Any CPU.ActiveCfg = Unicode Release|Win32
		{A234E4E0-47DE-4D77-BDBA-EE17C021C95D}.Unicode Release|Win32.ActiveCfg = Unicode Release|Win32
		{A234E4E0-47DE-4D77-BDBA-EE17C021C95D}.Unicode Release|Win32.Build.0 = Unicode Release|Win32
		{A234E4E0-47DE-4D77-BDBA-EE17C021C95D}.Unicode Release|x64.ActiveCfg = Unicode Release|Win32
		{A234E4E0-47DE-4D77-BDBA-EE17C021C95D}.Unicode Release|x86.ActiveCfg = Unicode Release|Win32
		{A234E4E0-47DE-4D77-BDBA-EE17C021C95D}.Unicode_Debug|Any CPU.ActiveCfg = Unicode Release|Win32
		{A234E4E0-47DE-4D77-BDBA-EE17C021C95D}.Unicode_Debug|Win32.ActiveCfg = Unicode Release|Win32
		{A234E4E0-47DE-4D77-BDBA-EE17C021C95D}.Unicode_Debug|x64.ActiveCfg = Unicode Release|Win32
		{A234E4E0-47DE-4D77-BDBA-EE17C021C95D}.Unicode_Debug|x86.ActiveCfg = Unicode Release|Win32
		{A234E4E0-47DE-4D77-BDBA-EE17C021C95D}.Unicode_Release|Any CPU.ActiveCfg = Unicode Release|Win32
		{A234E4E0-47DE-4D77-BDBA-EE17C021C95D}.Unicode_Release|Win32.ActiveCfg = Unicode Release|Win32
		{A234E4E0-47DE-4D77-BDBA-EE17C021C95D}.Unicode_Release|x64.ActiveCfg = Unicode Release|Win32
		{A234E4E0-47DE-4D77-BDBA-EE17C021C95D}.Unicode_Release|x86.ActiveCfg = Unicode Release|Win32
		{940BE78E-1486-7F9B-02B3-6F0113741A6A}.Debug|Any CPU.ActiveCfg = Unicode Release|Win32
		{940BE78E-1486-7F9B-02B3-6F0113741A6A}.Debug|Win32.ActiveCfg = Unicode Debug|Win32
		{940BE78E-1486-7F9B-02B3-6F0113741A6A}.Debug|Win32.Build.0 = Unicode Debug|Win32
		{940BE78E-1486-7F9B-02B3-6F0113741A6A}.Debug|x64.ActiveCfg = Unicode Release|Win32
		{940BE78E-1486-7F9B-02B3-6F0113741A6A}.Debug|x64.Build.0 = Unicode Release|Win32
		{940BE78E-1486-7F9B-02B3-6F0113741A6A}.Debug|x86.ActiveCfg = Unicode Debug|Win32
		{940BE78E-1486-7F9B-02B3-6F0113741A6A}.Release|Any CPU.ActiveCfg = Unicode Release|Win32
		{940BE78E-1486-7F9B-02B3-6F0113741A6A}.Release|Win32.ActiveCfg = Unicode Release|Win32
		{940BE78E-1486-7F9B-02B3-6F0113741A6A}.Release|Win32.Build.0 = Unicode Release|Win32
		{940BE78E-1486-7F9B-02B3-6F0113741A6A}.Release|x64.ActiveCfg = Unicode Release|Win32
		{940BE78E-1486-7F9B-02B3-6F0113741A6A}.Release|x64.Build.0 = Unicode Release|Win32
		{940BE78E-1486-7F9B-02B3-6F0113741A6A}.Release|x86.ActiveCfg = Unicode Release|Win32
		{940BE78E-1486-7F9B-02B3-6F0113741A6A}.ReleaseGallot|Any CPU.ActiveCfg = Unicode Release|Win32
		{940BE78E-1486-7F9B-02B3-6F0113741A6A}.ReleaseGallot|Win32.ActiveCfg = Unicode Release|Win32
		{940BE78E-1486-7F9B-02B3-6F0113741A6A}.ReleaseGallot|x64.ActiveCfg = Unicode Release|Win32
		{940BE78E-1486-7F9B-02B3-6F0113741A6A}.ReleaseGallot|x86.ActiveCfg = Unicode Release|Win32
		{940BE78E-1486-7F9B-02B3-6F0113741A6A}.Template|Any CPU.ActiveCfg = Unicode Release|Win32
		{940BE78E-1486-7F9B-02B3-6F0113741A6A}.Template|Win32.ActiveCfg = Unicode Release|Win32
		{940BE78E-1486-7F9B-02B3-6F0113741A6A}.Template|x64.ActiveCfg = Unicode Release|Win32
		{940BE78E-1486-7F9B-02B3-6F0113741A6A}.Template|x86.ActiveCfg = Unicode Release|Win32
		{940BE78E-1486-7F9B-02B3-6F0113741A6A}.Unicode Debug|Any CPU.ActiveCfg = Unicode Debug|Win32
		{940BE78E-1486-7F9B-02B3-6F0113741A6A}.Unicode Debug|Win32.ActiveCfg = Unicode Debug|Win32
		{940BE78E-1486-7F9B-02B3-6F0113741A6A}.Unicode Debug|Win32.Build.0 = Unicode Debug|Win32
		{940BE78E-1486-7F9B-02B3-6F0113741A6A}.Unicode Debug|x64.ActiveCfg = Unicode Debug|Win32
		{940BE78E-1486-7F9B-02B3-6F0113741A6A}.Unicode Debug|x86.ActiveCfg = Unicode Debug|Win32
		{940BE78E-1486-7F9B-02B3-6F0113741A6A}.Unicode Release|Any CPU.ActiveCfg = Unicode Release|Win32
		{940BE78E-1486-7F9B-02B3-6F0113741A6A}.Unicode Release|Win32.ActiveCfg = Unicode Release|Win32
		{940BE78E-1486-7F9B-02B3-6F0113741A6A}.Unicode Release|Win32.Build.0 = Unicode Release|Win32
		{940BE78E-1486-7F9B-02B3-6F0113741A6A}.Unicode Release|x64.ActiveCfg = Unicode Release|Win32
		{940BE78E-1486-7F9B-02B3-6F0113741A6A}.Unicode Release|x86.ActiveCfg = Unicode Release|Win32
		{940BE78E-1486-7F9B-02B3-6F0113741A6A}.Unicode_Debug|Any CPU.ActiveCfg = Unicode Release|Win32
		{940BE78E-1486-7F9B-02B3-6F0113741A6A}.Unicode_Debug|Win32.ActiveCfg = Unicode Release|Win32
		{940BE78E-1486-7F9B-02B3-6F0113741A6A}.Unicode_Debug|x64.ActiveCfg = Unicode Release|Win32
		{940BE78E-1486-7F9B-02B3-6F0113741A6A}.Unicode_Debug|x86.ActiveCfg = Unicode Release|Win32
		{940BE78E-1486-7F9B-02B3-6F0113741A6A}.Unicode_Release|Any CPU.ActiveCfg = Unicode Release|Win32
		{940BE78E-1486-7F9B-02B3-6F0113741A6A}.Unicode_Release|Win32.ActiveCfg = Unicode Release|Win32
		{940BE78E-1486-7F9B-02B3-6F0113741A6A}.Unicode_Release|x64.ActiveCfg = Unicode Release|Win32
		{940BE78E-1486-7F9B-02B3-6F0113741A6A}.Unicode_Release|x86.ActiveCfg = Unicode Release|Win32
		{378A4533-2901-469B-84CB-10EA55D8F18E}.Debug|Any CPU.ActiveCfg = Unicode Release|Win32
		{378A4533-2901-469B-84CB-10EA55D8F18E}.Debug|Win32.ActiveCfg = Unicode Debug|Win32
		{378A4533-2901-469B-84CB-10EA55D8F18E}.Debug|Win32.Build.0 = Unicode Debug|Win32
		{378A4533-2901-469B-84CB-10EA55D8F18E}.Debug|x64.ActiveCfg = Unicode Release|Win32
		{378A4533-2901-469B-84CB-10EA55D8F18E}.Debug|x64.Build.0 = Unicode Release|Win32
		{378A4533-2901-469B-84CB-10EA55D8F18E}.Debug|x86.ActiveCfg = Unicode Debug|Win32
		{378A4533-2901-469B-84CB-10EA55D8F18E}.Release|Any CPU.ActiveCfg = Unicode Release|Win32
		{378A4533-2901-469B-84CB-10EA55D8F18E}.Release|Win32.ActiveCfg = Unicode Release|Win32
		{378A4533-2901-469B-84CB-10EA55D8F18E}.Release|Win32.Build.0 = Unicode Release|Win32
		{378A4533-2901-469B-84CB-10EA55D8F18E}.Release|x64.ActiveCfg = Unicode Release|Win32
		{378A4533-2901-469B-84CB-10EA55D8F18E}.Release|x64.Build.0 = Unicode Release|Win32
		{378A4533-2901-469B-84CB-10EA55D8F18E}.Release|x86.ActiveCfg = Unicode Release|Win32
		{378A4533-2901-469B-84CB-10EA55D8F18E}.ReleaseGallot|Any CPU.ActiveCfg = Unicode Release|Win32
		{378A4533-2901-469B-84CB-10EA55D8F18E}.ReleaseGallot|Win32.ActiveCfg = Unicode Release|Win32
		{378A4533-2901-469B-84CB-10EA55D8F18E}.ReleaseGallot|x64.ActiveCfg = Unicode Release|Win32
		{378A4533-2901-469B-84CB-10EA55D8F18E}.ReleaseGallot|x86.ActiveCfg = Unicode Release|Win32
		{378A4533-2901-469B-84CB-10EA55D8F18E}.Template|Any CPU.ActiveCfg = Unicode Release|Win32
		{378A4533-2901-469B-84CB-10EA55D8F18E}.Template|Win32.ActiveCfg = Unicode Release|Win32
		{378A4533-2901-469B-84CB-10EA55D8F18E}.Template|x64.ActiveCfg = Unicode Release|Win32
		{378A4533-2901-469B-84CB-10EA55D8F18E}.Template|x86.ActiveCfg = Unicode Release|Win32
		{378A4533-2901-469B-84CB-10EA55D8F18E}.Unicode Debug|Any CPU.ActiveCfg = Unicode Debug|Win32
		{378A4533-2901-469B-84CB-10EA55D8F18E}.Unicode Debug|Win32.ActiveCfg = Unicode Debug|Win32
		{378A4533-2901-469B-84CB-10EA55D8F18E}.Unicode Debug|Win32.Build.0 = Unicode Debug|Win32
		{378A4533-2901-469B-84CB-10EA55D8F18E}.Unicode Debug|x64.ActiveCfg = Unicode Debug|Win32
		{378A4533-2901-469B-84CB-10EA55D8F18E}.Unicode Debug|x86.ActiveCfg = Unicode Debug|Win32
		{378A4533-2901-469B-84CB-10EA55D8F18E}.Unicode Release|Any CPU.ActiveCfg = Unicode Release|Win32
		{378A4533-2901-469B-84CB-10EA55D8F18E}.Unicode Release|Win32.ActiveCfg = Unicode Release|Win32
		{378A4533-2901-469B-84CB-10EA55D8F18E}.Unicode Release|Win32.Build.0 = Unicode Release|Win32
		{378A4533-2901-469B-84CB-10EA55D8F18E}.Unicode Release|x64.ActiveCfg = Unicode Release|Win32
		{378A4533-2901-469B-84CB-10EA55D8F18E}.Unicode Release|x86.ActiveCfg = Unicode Release|Win32
		{378A4533-2901-469B-84CB-10EA55D8F18E}.Unicode_Debug|Any CPU.ActiveCfg = Unicode Release|Win32
		{378A4533-2901-469B-84CB-10EA55D8F18E}.Unicode_Debug|Win32.ActiveCfg = Unicode Release|Win32
		{378A4533-2901-469B-84CB-10EA55D8F18E}.Unicode_Debug|x64.ActiveCfg = Unicode Release|Win32
		{378A4533-2901-469B-84CB-10EA55D8F18E}.Unicode_Debug|x86.ActiveCfg = Unicode Release|Win32
		{378A4533-2901-469B-84CB-10EA55D8F18E}.Unicode_Release|Any CPU.ActiveCfg = Unicode Release|Win32
		{378A4533-2901-469B-84CB-10EA55D8F18E}.Unicode_Release|Win32.ActiveCfg = Unicode Release|Win32
		{378A4533-2901-469B-84CB-10EA55D8F18E}.Unicode_Release|x64.ActiveCfg = Unicode Release|Win32
		{378A4533-2901-469B-84CB-10EA55D8F18E}.Unicode_Release|x86.ActiveCfg = Unicode Release|Win32
		{C231E8FF-2F01-46CB-A357-A6E92B9CED64}.Debug|Any CPU.ActiveCfg = Template|Win32
		{C231E8FF-2F01-46CB-A357-A6E92B9CED64}.Debug|Any CPU.Build.0 = Template|Win32
		{C231E8FF-2F01-46CB-A357-A6E92B9CED64}.Debug|Win32.ActiveCfg = Unicode Debug|Win32
		{C231E8FF-2F01-46CB-A357-A6E92B9CED64}.Debug|Win32.Build.0 = Unicode Debug|Win32
		{C231E8FF-2F01-46CB-A357-A6E92B9CED64}.Debug|x64.ActiveCfg = Template|Win32
		{C231E8FF-2F01-46CB-A357-A6E92B9CED64}.Debug|x64.Build.0 = Template|Win32
		{C231E8FF-2F01-46CB-A357-A6E92B9CED64}.Debug|x86.ActiveCfg = Unicode Debug|Win32
		{C231E8FF-2F01-46CB-A357-A6E92B9CED64}.Debug|x86.Build.0 = Unicode Debug|Win32
		{C231E8FF-2F01-46CB-A357-A6E92B9CED64}.Release|Any CPU.ActiveCfg = Template|Win32
		{C231E8FF-2F01-46CB-A357-A6E92B9CED64}.Release|Any CPU.Build.0 = Template|Win32
		{C231E8FF-2F01-46CB-A357-A6E92B9CED64}.Release|Win32.ActiveCfg = Unicode Release|Win32
		{C231E8FF-2F01-46CB-A357-A6E92B9CED64}.Release|Win32.Build.0 = Unicode Release|Win32
		{C231E8FF-2F01-46CB-A357-A6E92B9CED64}.Release|x64.ActiveCfg = Template|Win32
		{C231E8FF-2F01-46CB-A357-A6E92B9CED64}.Release|x64.Build.0 = Template|Win32
		{C231E8FF-2F01-46CB-A357-A6E92B9CED64}.Release|x86.ActiveCfg = Unicode Release|Win32
		{C231E8FF-2F01-46CB-A357-A6E92B9CED64}.Release|x86.Build.0 = Unicode Release|Win32
		{C231E8FF-2F01-46CB-A357-A6E92B9CED64}.ReleaseGallot|Any CPU.ActiveCfg = Template|Win32
		{C231E8FF-2F01-46CB-A357-A6E92B9CED64}.ReleaseGallot|Any CPU.Build.0 = Template|Win32
		{C231E8FF-2F01-46CB-A357-A6E92B9CED64}.ReleaseGallot|Win32.ActiveCfg = Template|Win32
		{C231E8FF-2F01-46CB-A357-A6E92B9CED64}.ReleaseGallot|Win32.Build.0 = Template|Win32
		{C231E8FF-2F01-46CB-A357-A6E92B9CED64}.ReleaseGallot|x64.ActiveCfg = Template|Win32
		{C231E8FF-2F01-46CB-A357-A6E92B9CED64}.ReleaseGallot|x64.Build.0 = Template|Win32
		{C231E8FF-2F01-46CB-A357-A6E92B9CED64}.ReleaseGallot|x86.ActiveCfg = Template|Win32
		{C231E8FF-2F01-46CB-A357-A6E92B9CED64}.ReleaseGallot|x86.Build.0 = Template|Win32
		{C231E8FF-2F01-46CB-A357-A6E92B9CED64}.Template|Any CPU.ActiveCfg = Template|Win32
		{C231E8FF-2F01-46CB-A357-A6E92B9CED64}.Template|Win32.ActiveCfg = Template|Win32
		{C231E8FF-2F01-46CB-A357-A6E92B9CED64}.Template|Win32.Build.0 = Template|Win32
		{C231E8FF-2F01-46CB-A357-A6E92B9CED64}.Template|x64.ActiveCfg = Template|Win32
		{C231E8FF-2F01-46CB-A357-A6E92B9CED64}.Template|x86.ActiveCfg = Template|Win32
		{C231E8FF-2F01-46CB-A357-A6E92B9CED64}.Template|x86.Build.0 = Template|Win32
		{C231E8FF-2F01-46CB-A357-A6E92B9CED64}.Unicode Debug|Any CPU.ActiveCfg = Unicode Debug|Win32
		{C231E8FF-2F01-46CB-A357-A6E92B9CED64}.Unicode Debug|Win32.ActiveCfg = Unicode Debug|Win32
		{C231E8FF-2F01-46CB-A357-A6E92B9CED64}.Unicode Debug|Win32.Build.0 = Unicode Debug|Win32
		{C231E8FF-2F01-46CB-A357-A6E92B9CED64}.Unicode Debug|x64.ActiveCfg = Unicode Debug|Win32
		{C231E8FF-2F01-46CB-A357-A6E92B9CED64}.Unicode Debug|x86.ActiveCfg = Unicode Debug|Win32
		{C231E8FF-2F01-46CB-A357-A6E92B9CED64}.Unicode Debug|x86.Build.0 = Unicode Debug|Win32
		{C231E8FF-2F01-46CB-A357-A6E92B9CED64}.Unicode Release|Any CPU.ActiveCfg = Unicode Release|Win32
		{C231E8FF-2F01-46CB-A357-A6E92B9CED64}.Unicode Release|Win32.ActiveCfg = Unicode Release|Win32
		{C231E8FF-2F01-46CB-A357-A6E92B9CED64}.Unicode Release|Win32.Build.0 = Unicode Release|Win32
		{C231E8FF-2F01-46CB-A357-A6E92B9CED64}.Unicode Release|x64.ActiveCfg = Unicode Release|Win32
		{C231E8FF-2F01-46CB-A357-A6E92B9CED64}.Unicode Release|x86.ActiveCfg = Unicode Release|Win32
		{C231E8FF-2F01-46CB-A357-A6E92B9CED64}.Unicode Release|x86.Build.0 = Unicode Release|Win32
		{C231E8FF-2F01-46CB-A357-A6E92B9CED64}.Unicode_Debug|Any CPU.ActiveCfg = Template|Win32
		{C231E8FF-2F01-46CB-A357-A6E92B9CED64}.Unicode_Debug|Any CPU.Build.0 = Template|Win32
		{C231E8FF-2F01-46CB-A357-A6E92B9CED64}.Unicode_Debug|Win32.ActiveCfg = Unicode Release|Win32
		{C231E8FF-2F01-46CB-A357-A6E92B9CED64}.Unicode_Debug|Win32.Build.0 = Unicode Release|Win32
		{C231E8FF-2F01-46CB-A357-A6E92B9CED64}.Unicode_Debug|x64.ActiveCfg = Template|Win32
		{C231E8FF-2F01-46CB-A357-A6E92B9CED64}.Unicode_Debug|x64.Build.0 = Template|Win32
		{C231E8FF-2F01-46CB-A357-A6E92B9CED64}.Unicode_Debug|x86.ActiveCfg = Unicode Release|Win32
		{C231E8FF-2F01-46CB-A357-A6E92B9CED64}.Unicode_Debug|x86.Build.0 = Unicode Release|Win32
		{C231E8FF-2F01-46CB-A357-A6E92B9CED64}.Unicode_Release|Any CPU.ActiveCfg = Template|Win32
		{C231E8FF-2F01-46CB-A357-A6E92B9CED64}.Unicode_Release|Any CPU.Build.0 = Template|Win32
		{C231E8FF-2F01-46CB-A357-A6E92B9CED64}.Unicode_Release|Win32.ActiveCfg = Unicode Release|Win32
		{C231E8FF-2F01-46CB-A357-A6E92B9CED64}.Unicode_Release|Win32.Build.0 = Unicode Release|Win32
		{C231E8FF-2F01-46CB-A357-A6E92B9CED64}.Unicode_Release|x64.ActiveCfg = Template|Win32
		{C231E8FF-2F01-46CB-A357-A6E92B9CED64}.Unicode_Release|x64.Build.0 = Template|Win32
		{C231E8FF-2F01-46CB-A357-A6E92B9CED64}.Unicode_Release|x86.ActiveCfg = Unicode Release|Win32
		{C231E8FF-2F01-46CB-A357-A6E92B9CED64}.Unicode_Release|x86.Build.0 = Unicode Release|Win32
	EndGlobalSection
	GlobalSection(SolutionProperties) = preSolution
		HideSolutionNode = FALSE
	EndGlobalSection
EndGlobal
