Microsoft Visual Studio Solution File, Format Version 11.00
# Visual Studio 2010
Project("{FAE04EC0-301F-11D3-BF4B-00C04F79EFBC}") = "XmlDiffView", "XmlDiffView.csproj", "{43CF8388-F6BE-48BD-A0DF-E599F67F72E7}"
EndProject
Global
	GlobalSection(SolutionConfigurationPlatforms) = preSolution
		Debug|Any CPU = Debug|Any CPU
		Release|Any CPU = Release|Any CPU
	EndGlobalSection
	GlobalSection(ProjectConfigurationPlatforms) = postSolution
		{43CF8388-F6BE-48BD-A0DF-E599F67F72E7}.Debug|Any CPU.ActiveCfg = Debug|Any CPU
		{43CF8388-F6BE-48BD-A0DF-E599F67F72E7}.Debug|Any CPU.Build.0 = Debug|Any CPU
		{43CF8388-F6BE-48BD-A0DF-E599F67F72E7}.Release|Any CPU.ActiveCfg = Release|Any CPU
		{43CF8388-F6BE-48BD-A0DF-E599F67F72E7}.Release|Any CPU.Build.0 = Release|Any CPU
	EndGlobalSection
	GlobalSection(SolutionProperties) = preSolution
		HideSolutionNode = FALSE
	EndGlobalSection
EndGlobal
