<?xml version="1.0" encoding="utf-8"?>
<Project ToolsVersion="4.0" xmlns="http://schemas.microsoft.com/developer/msbuild/2003">
  <ItemGroup>
    <ClCompile Include="KanbanAttributeComboBox.cpp">
      <Filter>Source Files</Filter>
    </ClCompile>
    <ClCompile Include="KanbanBoard.cpp">
      <Filter>Source Files</Filter>
    </ClCompile>
    <ClCompile Include="KanbanCtrl.cpp">
      <Filter>Source Files</Filter>
    </ClCompile>
    <ClCompile Include="KanbanFixedColumnListCtrl.cpp">
      <Filter>Source Files</Filter>
    </ClCompile>
    <ClCompile Include="KanbanListCtrl.cpp">
      <Filter>Source Files</Filter>
    </ClCompile>
    <ClCompile Include="KanbanPreferencesDlg.cpp">
      <Filter>Source Files</Filter>
    </ClCompile>
    <ClCompile Include="KanbanStruct.cpp">
      <Filter>Source Files</Filter>
    </ClCompile>
    <ClCompile Include="KanbanWnd.cpp">
      <Filter>Source Files</Filter>
    </ClCompile>
    <ClCompile Include="StdAfx.cpp">
      <Filter>Source Files</Filter>
    </ClCompile>
  </ItemGroup>
  <ItemGroup>
    <ClInclude Include="KanbanAttributeComboBox.h">
      <Filter>Header Files</Filter>
    </ClInclude>
    <ClInclude Include="KanbanWnd.h">
      <Filter>Header Files</Filter>
    </ClInclude>
    <ClInclude Include="KanbanBoard.h">
      <Filter>Header Files</Filter>
    </ClInclude>
    <ClInclude Include="KanbanColors.h">
      <Filter>Header Files</Filter>
    </ClInclude>
    <ClInclude Include="KanbanCtrl.h">
      <Filter>Header Files</Filter>
    </ClInclude>
    <ClInclude Include="KanbanEnum.h">
      <Filter>Header Files</Filter>
    </ClInclude>
    <ClInclude Include="KanbanFixedColumnListCtrl.h">
      <Filter>Header Files</Filter>
    </ClInclude>
    <ClInclude Include="KanbanListCtrl.h">
      <Filter>Header Files</Filter>
    </ClInclude>
    <ClInclude Include="KanbanPreferencesDlg.h">
      <Filter>Header Files</Filter>
    </ClInclude>
    <ClInclude Include="KanbanStruct.h">
      <Filter>Header Files</Filter>
    </ClInclude>
    <ClInclude Include="Resource.h">
      <Filter>Header Files</Filter>
    </ClInclude>
    <ClInclude Include="StdAfx.h">
      <Filter>Header Files</Filter>
    </ClInclude>
  </ItemGroup>
  <ItemGroup>
    <None Include="KanbanBoard.def">
      <Filter>Source Files</Filter>
    </None>
    <None Include="res\KanbanBoard.rc2">
      <Filter>Source Files</Filter>
    </None>
    <None Include="res\column_toolbar.bmp">
      <Filter>Resource Files</Filter>
    </None>
    <None Include="RES\toolbar_std.bmp">
      <Filter>Resource Files</Filter>
    </None>
    <None Include="res\column_toolbar_std.bmp">
      <Filter>Resource Files</Filter>
    </None>
    <None Include="res\icon1.ico">
      <Filter>Resource Files</Filter>
    </None>
    <None Include="res\toolbar.bmp">
      <Filter>Resource Files</Filter>
    </None>
    <None Include="res\help_button.ico">
      <Filter>Resource Files</Filter>
    </None>
  </ItemGroup>
  <ItemGroup>
    <Filter Include="Header Files">
      <UniqueIdentifier>{d30abd3f-5106-4651-9da0-af29c199d517}</UniqueIdentifier>
      <Extensions>h;hpp;hxx;hm;inl;inc;xsd</Extensions>
    </Filter>
    <Filter Include="Source Files">
      <UniqueIdentifier>{bccd9dfb-149f-4b35-8d32-6531a13caaa0}</UniqueIdentifier>
      <Extensions>cpp;c;cc;cxx;def;odl;idl;hpj;bat;asm;asmx</Extensions>
    </Filter>
    <Filter Include="Resource Files">
      <UniqueIdentifier>{864c4508-ce79-44c3-8ef0-29250408dc0e}</UniqueIdentifier>
      <Extensions>rc;ico;cur;bmp;dlg;rc2;rct;bin;rgs;gif;jpg;jpeg;jpe;resx;tiff;tif;png;wav;mfcribbon-ms</Extensions>
    </Filter>
  </ItemGroup>
  <ItemGroup>
    <ResourceCompile Include="KanbanBoard.rc">
      <Filter>Source Files</Filter>
    </ResourceCompile>
  </ItemGroup>
</Project>