<?xml version="1.0" encoding="utf-8"?>
<Project ToolsVersion="4.0" xmlns="http://schemas.microsoft.com/developer/msbuild/2003">
  <ItemGroup>
    <Filter Include="Source Files">
      <UniqueIdentifier>{449d0f84-8250-49ce-b02f-df21d21878fa}</UniqueIdentifier>
      <Extensions>cpp;c;cxx;rc;def;r;odl;idl;hpj;bat</Extensions>
    </Filter>
    <Filter Include="Header Files">
      <UniqueIdentifier>{f1dba6ad-34aa-4345-83c7-5a26988c5f29}</UniqueIdentifier>
      <Extensions>h;hpp;hxx;hm;inl</Extensions>
    </Filter>
    <Filter Include="Resource Files">
      <UniqueIdentifier>{3bf3ad67-4b53-4d39-ac36-32fd97eb4705}</UniqueIdentifier>
      <Extensions>ico;cur;bmp;dlg;rc2;rct;bin;rgs;gif;jpg;jpeg;jpe</Extensions>
    </Filter>
  </ItemGroup>
  <ItemGroup>
    <ClCompile Include="GanttChartExt.cpp">
      <Filter>Source Files</Filter>
    </ClCompile>
    <ClCompile Include="GanttChartWnd.cpp">
      <Filter>Source Files</Filter>
    </ClCompile>
    <ClCompile Include="GanttCreateDependsDlg.cpp">
      <Filter>Source Files</Filter>
    </ClCompile>
    <ClCompile Include="GanttPreferencesDlg.cpp">
      <Filter>Source Files</Filter>
    </ClCompile>
    <ClCompile Include="GanttStruct.cpp">
      <Filter>Source Files</Filter>
    </ClCompile>
    <ClCompile Include="GanttTreeListCtrl.cpp">
      <Filter>Source Files</Filter>
    </ClCompile>
    <ClCompile Include="StdAfx.cpp">
      <Filter>Source Files</Filter>
    </ClCompile>
    <ClCompile Include="GanttTreeCtrl.cpp">
      <Filter>Source Files</Filter>
    </ClCompile>
  </ItemGroup>
  <ItemGroup>
    <None Include="GanttChartExt.def">
      <Filter>Source Files</Filter>
    </None>
    <None Include="res\GanttChartExt.rc2">
      <Filter>Resource Files</Filter>
    </None>
    <None Include="res\icon1.ico">
      <Filter>Resource Files</Filter>
    </None>
    <None Include="res\toolbar.bmp">
      <Filter>Resource Files</Filter>
    </None>
    <None Include="res\toolbar_std.bmp">
      <Filter>Resource Files</Filter>
    </None>
    <None Include="res\help_button.ico">
      <Filter>Resource Files</Filter>
    </None>
  </ItemGroup>
  <ItemGroup>
    <ResourceCompile Include="GanttChartExt.rc">
      <Filter>Source Files</Filter>
    </ResourceCompile>
  </ItemGroup>
  <ItemGroup>
    <ClInclude Include="GanttChartExt.h">
      <Filter>Header Files</Filter>
    </ClInclude>
    <ClInclude Include="GanttChartWnd.h">
      <Filter>Header Files</Filter>
    </ClInclude>
    <ClInclude Include="GanttCreateDependsDlg.h">
      <Filter>Header Files</Filter>
    </ClInclude>
    <ClInclude Include="GanttEnum.h">
      <Filter>Header Files</Filter>
    </ClInclude>
    <ClInclude Include="GanttPreferencesDlg.h">
      <Filter>Header Files</Filter>
    </ClInclude>
    <ClInclude Include="GanttStruct.h">
      <Filter>Header Files</Filter>
    </ClInclude>
    <ClInclude Include="GanttTreeListCtrl.h">
      <Filter>Header Files</Filter>
    </ClInclude>
    <ClInclude Include="Resource.h">
      <Filter>Header Files</Filter>
    </ClInclude>
    <ClInclude Include="StdAfx.h">
      <Filter>Header Files</Filter>
    </ClInclude>
    <ClInclude Include="GanttTreeCtrl.h">
      <Filter>Header Files</Filter>
    </ClInclude>
    <ClInclude Include="GanttMsg.h">
      <Filter>Header Files</Filter>
    </ClInclude>
  </ItemGroup>
</Project>