<?xml version="1.0" encoding="utf-8"?>
<Project ToolsVersion="4.0" xmlns="http://schemas.microsoft.com/developer/msbuild/2003">
  <ItemGroup>
    <ClCompile Include="ImportExportMgrTest.cpp">
      <Filter>Source Files</Filter>
    </ClCompile>
    <ClCompile Include="StdAfx.cpp">
      <Filter>Source Files</Filter>
    </ClCompile>
    <ClCompile Include="TaskFileTest.cpp">
      <Filter>Source Files</Filter>
    </ClCompile>
    <ClCompile Include="TDLTest.cpp">
      <Filter>Source Files</Filter>
    </ClCompile>
    <ClCompile Include="TDLTestBase.cpp">
      <Filter>Source Files</Filter>
    </ClCompile>
    <ClCompile Include="ToDoCtrlDataTest.cpp">
      <Filter>Source Files</Filter>
    </ClCompile>
    <ClCompile Include="..\ToDoList\TdcRecurrence.cpp">
      <Filter>Source Files</Filter>
    </ClCompile>
    <ClCompile Include="TDCRECURRENCETest.cpp">
      <Filter>Source Files</Filter>
    </ClCompile>
    <ClCompile Include="FileMiscTest.cpp">
      <Filter>Source Files</Filter>
    </ClCompile>
    <ClCompile Include="DateHelperTest.cpp">
      <Filter>Source Files</Filter>
    </ClCompile>
    <ClCompile Include="TimeHelperTest.cpp">
      <Filter>Source Files</Filter>
    </ClCompile>
    <ClCompile Include="ToDoCtrlTaskLinkTest.cpp">
      <Filter>Source Files</Filter>
    </ClCompile>
    <ClCompile Include="..\ToDoList\ToDoCtrl.cpp">
      <Filter>ToDoList Source</Filter>
    </ClCompile>
    <ClCompile Include="..\ToDoList\ToDoListWnd.cpp">
      <Filter>ToDoList Source</Filter>
    </ClCompile>
    <ClCompile Include="..\ToDoList\TDLTaskTreeCtrl.cpp">
      <Filter>ToDoList Source</Filter>
    </ClCompile>
    <ClCompile Include="..\ToDoList\TDLTaskCtrlBase.cpp">
      <Filter>ToDoList Source</Filter>
    </ClCompile>
    <ClCompile Include="..\ToDoList\TDLTimeTrackerDlg.cpp">
      <Filter>ToDoList Source</Filter>
    </ClCompile>
    <ClCompile Include="..\ToDoList\ToDoCtrlData.cpp">
      <Filter>ToDoList Source</Filter>
    </ClCompile>
    <ClCompile Include="..\ToDoList\FilteredToDoCtrl.cpp">
      <Filter>ToDoList Source</Filter>
    </ClCompile>
    <ClCompile Include="..\ToDoList\PreferencesUITasklistColorsPage.cpp">
      <Filter>ToDoList Source</Filter>
    </ClCompile>
    <ClCompile Include="..\ToDoList\ToDoCtrlFind.cpp">
      <Filter>ToDoList Source</Filter>
    </ClCompile>
    <ClCompile Include="..\ToDoList\TDCFilter.cpp">
      <Filter>ToDoList Source</Filter>
    </ClCompile>
    <ClCompile Include="..\ToDoList\ToDoCtrlDataUtils.cpp">
      <Filter>ToDoList Source</Filter>
    </ClCompile>
    <ClCompile Include="..\ToDoList\TabbedToDoCtrl.cpp">
      <Filter>ToDoList Source</Filter>
    </ClCompile>
    <ClCompile Include="..\ToDoList\TDLTaskListCtrl.cpp">
      <Filter>ToDoList Source</Filter>
    </ClCompile>
    <ClCompile Include="..\ToDoList\ToDoitem.cpp">
      <Filter>ToDoList Source</Filter>
    </ClCompile>
    <ClCompile Include="..\ToDoList\TDLRecurringTaskEdit.cpp">
      <Filter>ToDoList Source</Filter>
    </ClCompile>
    <ClCompile Include="..\ToDoList\TDLKeyboardShortcutDisplayDlg.cpp">
      <Filter>ToDoList Source</Filter>
    </ClCompile>
    <ClCompile Include="..\ToDoList\TDLWelcomeWizard.cpp">
      <Filter>ToDoList Source</Filter>
    </ClCompile>
    <ClCompile Include="..\ToDoList\TDLCustomAttributeDlg.cpp">
      <Filter>ToDoList Source</Filter>
    </ClCompile>
    <ClCompile Include="..\ToDoList\TaskFile.cpp">
      <Filter>ToDoList Source</Filter>
    </ClCompile>
    <ClCompile Include="..\ToDoList\TDLCustomAttribFeatureComboBox.cpp">
      <Filter>ToDoList Source</Filter>
    </ClCompile>
    <ClCompile Include="..\ToDoList\TDCMainMenu.cpp">
      <Filter>ToDoList Source</Filter>
    </ClCompile>
    <ClCompile Include="..\ToDoList\PreferencesShortcutsPage.cpp">
      <Filter>ToDoList Source</Filter>
    </ClCompile>
    <ClCompile Include="..\ToDoList\PreferencesDlg.cpp">
      <Filter>ToDoList Source</Filter>
    </ClCompile>
    <ClCompile Include="..\ToDoList\TDLCommentsCtrl.cpp">
      <Filter>ToDoList Source</Filter>
    </ClCompile>
    <ClCompile Include="..\ToDoList\TDLTaskIconDlg.cpp">
      <Filter>ToDoList Source</Filter>
    </ClCompile>
    <ClCompile Include="..\ToDoList\PreferencesTaskDefPage.cpp">
      <Filter>ToDoList Source</Filter>
    </ClCompile>
    <ClCompile Include="..\ToDoList\TDLContentMgr.cpp">
      <Filter>ToDoList Source</Filter>
    </ClCompile>
    <ClCompile Include="..\ToDoList\TDLFindTasksDlg.cpp">
      <Filter>ToDoList Source</Filter>
    </ClCompile>
    <ClCompile Include="..\ToDoList\TDLAnalyseLoggedTimeDlg.cpp">
      <Filter>ToDoList Source</Filter>
    </ClCompile>
    <ClCompile Include="..\ToDoList\ToDoCtrlMgr.cpp">
      <Filter>ToDoList Source</Filter>
    </ClCompile>
    <ClCompile Include="..\ToDoList\PreferencesMultiUserPage.cpp">
      <Filter>ToDoList Source</Filter>
    </ClCompile>
    <ClCompile Include="..\ToDoList\TaskListHtmlExporter.cpp">
      <Filter>ToDoList Source</Filter>
    </ClCompile>
    <ClCompile Include="..\ToDoList\tdlfindresultslistctrl.cpp">
      <Filter>ToDoList Source</Filter>
    </ClCompile>
    <ClCompile Include="..\ToDoList\tdcreminder.cpp">
      <Filter>ToDoList Source</Filter>
    </ClCompile>
    <ClCompile Include="..\ToDoList\ToDoCtrlReminders.cpp">
      <Filter>ToDoList Source</Filter>
    </ClCompile>
    <ClCompile Include="..\ToDoList\TaskSelectionDlg.cpp">
      <Filter>ToDoList Source</Filter>
    </ClCompile>
    <ClCompile Include="..\ToDoList\TaskListTxtExporter.cpp">
      <Filter>ToDoList Source</Filter>
    </ClCompile>
    <ClCompile Include="..\ToDoList\TaskListTdlExporter.cpp">
      <Filter>ToDoList Source</Filter>
    </ClCompile>
    <ClCompile Include="..\ToDoList\TaskListExporterBase.cpp">
      <Filter>ToDoList Source</Filter>
    </ClCompile>
    <ClCompile Include="..\ToDoList\TaskListCsvImporter.cpp">
      <Filter>ToDoList Source</Filter>
    </ClCompile>
    <ClCompile Include="..\ToDoList\TaskListCsvExporter.cpp">
      <Filter>ToDoList Source</Filter>
    </ClCompile>
    <ClCompile Include="..\ToDoList\TDLTransformDialog.cpp">
      <Filter>ToDoList Source</Filter>
    </ClCompile>
    <ClCompile Include="..\ToDoList\TDLToolsUserInputDlg.cpp">
      <Filter>ToDoList Source</Filter>
    </ClCompile>
    <ClCompile Include="..\ToDoList\TDLThreadedExporterWnd.cpp">
      <Filter>ToDoList Source</Filter>
    </ClCompile>
    <ClCompile Include="..\ToDoList\TDLThemeComboBox.cpp">
      <Filter>ToDoList Source</Filter>
    </ClCompile>
    <ClCompile Include="..\ToDoList\TDLTasklistImportDlg.cpp">
      <Filter>ToDoList Source</Filter>
    </ClCompile>
    <ClCompile Include="..\ToDoList\TDLTaskViewListBox.cpp">
      <Filter>ToDoList Source</Filter>
    </ClCompile>
    <ClCompile Include="..\ToDoList\TDLShowReminderDlg.cpp">
      <Filter>ToDoList Source</Filter>
    </ClCompile>
    <ClCompile Include="..\ToDoList\TDLSetReminderDlg.cpp">
      <Filter>ToDoList Source</Filter>
    </ClCompile>
    <ClCompile Include="..\ToDoList\TDLSendTasksDlg.cpp">
      <Filter>ToDoList Source</Filter>
    </ClCompile>
    <ClCompile Include="..\ToDoList\TDLPrintDialog.cpp">
      <Filter>ToDoList Source</Filter>
    </ClCompile>
    <ClCompile Include="..\ToDoList\TDLOffsetDatesDlg.cpp">
      <Filter>ToDoList Source</Filter>
    </ClCompile>
    <ClCompile Include="..\ToDoList\TDLImportOutlookObjectsDlg.cpp">
      <Filter>ToDoList Source</Filter>
    </ClCompile>
    <ClCompile Include="..\ToDoList\TDLImportDialog.cpp">
      <Filter>ToDoList Source</Filter>
    </ClCompile>
    <ClCompile Include="..\ToDoList\TDLFilterDlg.cpp">
      <Filter>ToDoList Source</Filter>
    </ClCompile>
    <ClCompile Include="..\ToDoList\TDLExportDlg.cpp">
      <Filter>ToDoList Source</Filter>
    </ClCompile>
    <ClCompile Include="..\ToDoList\TDLDialog.cpp">
      <Filter>ToDoList Source</Filter>
    </ClCompile>
    <ClCompile Include="..\ToDoList\TDLColumnSelectionDlg.cpp">
      <Filter>ToDoList Source</Filter>
    </ClCompile>
    <ClCompile Include="..\ToDoList\TDLCleanupIniPreferencesDlg.cpp">
      <Filter>ToDoList Source</Filter>
    </ClCompile>
    <ClCompile Include="..\ToDoList\TDLAddLoggedTimeDlg.cpp">
      <Filter>ToDoList Source</Filter>
    </ClCompile>
    <ClCompile Include="..\ToDoList\TDLAboutDlg.cpp">
      <Filter>ToDoList Source</Filter>
    </ClCompile>
    <ClCompile Include="..\ToDoList\TDCToolsHelper.cpp">
      <Filter>ToDoList Source</Filter>
    </ClCompile>
    <ClCompile Include="..\ToDoList\TDCSimpleTextContent.cpp">
      <Filter>ToDoList Source</Filter>
    </ClCompile>
    <ClCompile Include="..\ToDoList\TDCSearchParamHelper.cpp">
      <Filter>ToDoList Source</Filter>
    </ClCompile>
    <ClCompile Include="..\ToDoList\TDCMergeTasklist.cpp">
      <Filter>ToDoList Source</Filter>
    </ClCompile>
    <ClCompile Include="..\ToDoList\TDCImportExportMgr.cpp">
      <Filter>ToDoList Source</Filter>
    </ClCompile>
    <ClCompile Include="..\ToDoList\TDCEnumContainers.cpp">
      <Filter>ToDoList Source</Filter>
    </ClCompile>
    <ClCompile Include="..\ToDoList\PreferencesToolPage.cpp">
      <Filter>ToDoList Source</Filter>
    </ClCompile>
    <ClCompile Include="..\ToDoList\PreferencesTaskDef2Page.cpp">
      <Filter>ToDoList Source</Filter>
    </ClCompile>
    <ClCompile Include="..\ToDoList\PreferencesFilePage.cpp">
      <Filter>ToDoList Source</Filter>
    </ClCompile>
    <ClCompile Include="..\ToDoList\MultiTaskFile.cpp">
      <Filter>ToDoList Source</Filter>
    </ClCompile>
    <ClCompile Include="..\ToDoList\TDLToolbarButtonListCtrl.cpp">
      <Filter>ToDoList Source</Filter>
    </ClCompile>
    <ClCompile Include="..\ToDoList\PreferencesUIVisibilityPage.cpp">
      <Filter>ToDoList Source</Filter>
    </ClCompile>
    <ClCompile Include="..\ToDoList\PreferencesUITasklistPage.cpp">
      <Filter>ToDoList Source</Filter>
    </ClCompile>
    <ClCompile Include="..\ToDoList\PreferencesUIPage.cpp">
      <Filter>ToDoList Source</Filter>
    </ClCompile>
    <ClCompile Include="..\ToDoList\PreferencesUICustomToolbarPage.cpp">
      <Filter>ToDoList Source</Filter>
    </ClCompile>
    <ClCompile Include="..\ToDoList\PreferencesTaskPage.cpp">
      <Filter>ToDoList Source</Filter>
    </ClCompile>
    <ClCompile Include="..\ToDoList\PreferencesTaskCalcPage.cpp">
      <Filter>ToDoList Source</Filter>
    </ClCompile>
    <ClCompile Include="..\ToDoList\PreferencesGenPage.cpp">
      <Filter>ToDoList Source</Filter>
    </ClCompile>
    <ClCompile Include="..\ToDoList\PreferencesFile2Page.cpp">
      <Filter>ToDoList Source</Filter>
    </ClCompile>
    <ClCompile Include="..\ToDoList\PreferencesExportPage.cpp">
      <Filter>ToDoList Source</Filter>
    </ClCompile>
    <ClCompile Include="..\ToDoList\TDLCsvImportExportDlg.cpp">
      <Filter>ToDoList Source</Filter>
    </ClCompile>
    <ClCompile Include="..\ToDoList\TDLFilterBar.cpp">
      <Filter>ToDoList Source</Filter>
    </ClCompile>
    <ClCompile Include="..\ToDoList\TDCOutlookImportHelper.cpp">
      <Filter>ToDoList Source</Filter>
    </ClCompile>
    <ClCompile Include="..\ToDoList\TDLFindTaskExpressionListCtrl.cpp">
      <Filter>ToDoList Source</Filter>
    </ClCompile>
    <ClCompile Include="..\ToDoList\TDLRegularityComboBox.cpp">
      <Filter>ToDoList Source</Filter>
    </ClCompile>
    <ClCompile Include="..\ToDoList\TDCToDoCtrlPreferenceHelper.cpp">
      <Filter>ToDoList Source</Filter>
    </ClCompile>
    <ClCompile Include="..\ToDoList\TDLViewTabControl.cpp">
      <Filter>ToDoList Source</Filter>
    </ClCompile>
    <ClCompile Include="..\ToDoList\TDLWebUpdatePromptDlg.cpp">
      <Filter>ToDoList Source</Filter>
    </ClCompile>
    <ClCompile Include="..\ToDoList\tdliconcombobox.cpp">
      <Filter>ToDoList Source</Filter>
    </ClCompile>
    <ClCompile Include="..\ToDoList\tdlfindtaskattributecombobox.cpp">
      <Filter>ToDoList Source</Filter>
    </ClCompile>
    <ClCompile Include="..\ToDoList\TDCImageList.cpp">
      <Filter>ToDoList Source</Filter>
    </ClCompile>
    <ClCompile Include="..\ToDoList\TaskListDropTarget.cpp">
      <Filter>ToDoList Source</Filter>
    </ClCompile>
    <ClCompile Include="..\ToDoList\ToDoCtrlUndo.cpp">
      <Filter>ToDoList Source</Filter>
    </ClCompile>
    <ClCompile Include="..\ToDoList\TDLImpExpAttributeMappingListCtrl.cpp">
      <Filter>ToDoList Source</Filter>
    </ClCompile>
    <ClCompile Include="..\ToDoList\TDLAttribListBox.cpp">
      <Filter>ToDoList Source</Filter>
    </ClCompile>
    <ClCompile Include="..\ToDoList\TDLColumnAttribVisibilityListCtrl.cpp">
      <Filter>ToDoList Source</Filter>
    </ClCompile>
    <ClCompile Include="..\ToDoList\TDLCmdlineOptionsDlg.cpp">
      <Filter>ToDoList Source</Filter>
    </ClCompile>
    <ClCompile Include="..\ToDoList\TDLMultiSortDlg.cpp">
      <Filter>ToDoList Source</Filter>
    </ClCompile>
    <ClCompile Include="..\ToDoList\TDLLanguageDlg.cpp">
      <Filter>ToDoList Source</Filter>
    </ClCompile>
    <ClCompile Include="..\ToDoList\TDLPrefMigrationDlg.cpp">
      <Filter>ToDoList Source</Filter>
    </ClCompile>
    <ClCompile Include="..\ToDoList\TDCCustomAttribData.cpp">
      <Filter>ToDoList Source</Filter>
    </ClCompile>
    <ClCompile Include="..\ToDoList\TDLGoToTaskDlg.cpp">
      <Filter>ToDoList Source</Filter>
    </ClCompile>
    <ClCompile Include="..\ToDoList\TDCWebUpdateScript.cpp">
      <Filter>ToDoList Source</Filter>
    </ClCompile>
    <ClCompile Include="..\ToDoList\TDCTimeTracking.cpp">
      <Filter>ToDoList Source</Filter>
    </ClCompile>
    <ClCompile Include="..\ToDoList\TDCStartupOptions.cpp">
      <Filter>ToDoList Source</Filter>
    </ClCompile>
    <ClCompile Include="..\ToDoList\TDLFilterOptionComboBox.cpp">
      <Filter>ToDoList Source</Filter>
    </ClCompile>
    <ClCompile Include="..\ToDoList\TDLCustomToolbar.cpp">
      <Filter>ToDoList Source</Filter>
    </ClCompile>
    <ClCompile Include="..\ToDoList\TDLLanguageComboBox.cpp">
      <Filter>ToDoList Source</Filter>
    </ClCompile>
    <ClCompile Include="..\ToDoList\TDLImportOutlookDlg.cpp">
      <Filter>ToDoList Source</Filter>
    </ClCompile>
    <ClCompile Include="..\ToDoList\TDLFileEncodingComboBox.cpp">
      <Filter>ToDoList Source</Filter>
    </ClCompile>
    <ClCompile Include="..\ToDoList\TaskListTdlImporter.cpp">
      <Filter>ToDoList Source</Filter>
    </ClCompile>
    <ClCompile Include="..\ToDoList\TaskListOutlookImporter.cpp">
      <Filter>ToDoList Source</Filter>
    </ClCompile>
    <ClCompile Include="..\ToDoList\TaskClipboard.cpp">
      <Filter>ToDoList Source</Filter>
    </ClCompile>
    <ClCompile Include="..\ToDoList\TDLTasklistStorageMgr.cpp">
      <Filter>ToDoList Source</Filter>
    </ClCompile>
    <ClCompile Include="..\ToDoList\TDLStylesheetParamConfigDlg.cpp">
      <Filter>ToDoList Source</Filter>
    </ClCompile>
    <ClCompile Include="..\ToDoList\TDLRiskComboBox.cpp">
      <Filter>ToDoList Source</Filter>
    </ClCompile>
    <ClCompile Include="..\ToDoList\TDLReuseRecurringTaskDlg.cpp">
      <Filter>ToDoList Source</Filter>
    </ClCompile>
    <ClCompile Include="..\ToDoList\TDLReminderPeriodComboBox.cpp">
      <Filter>ToDoList Source</Filter>
    </ClCompile>
    <ClCompile Include="..\ToDoList\TDLQuickFindComboBox.cpp">
      <Filter>ToDoList Source</Filter>
    </ClCompile>
    <ClCompile Include="..\ToDoList\TDLPriorityComboBox.cpp">
      <Filter>ToDoList Source</Filter>
    </ClCompile>
    <ClCompile Include="..\ToDoList\TDLOleMessageFilter.cpp">
      <Filter>ToDoList Source</Filter>
    </ClCompile>
    <ClCompile Include="..\ToDoList\TDLImportOutlookObjectSetupListCtrl.cpp">
      <Filter>ToDoList Source</Filter>
    </ClCompile>
    <ClCompile Include="..\ToDoList\TDLFilterDateComboBox.cpp">
      <Filter>ToDoList Source</Filter>
    </ClCompile>
    <ClCompile Include="..\ToDoList\TDLFilterComboBox.cpp">
      <Filter>ToDoList Source</Filter>
    </ClCompile>
    <ClCompile Include="..\ToDoList\TDLColumnListBox.cpp">
      <Filter>ToDoList Source</Filter>
    </ClCompile>
    <ClCompile Include="..\ToDoList\TDCToolsCmdlineParser.cpp">
      <Filter>ToDoList Source</Filter>
    </ClCompile>
    <ClCompile Include="..\ToDoList\TDCAnonymizeTasklist.cpp">
      <Filter>ToDoList Source</Filter>
    </ClCompile>
    <ClCompile Include="..\Interfaces\ContentCtrl.cpp">
      <Filter>ToDoList Source</Filter>
    </ClCompile>
    <ClCompile Include="..\Interfaces\ContentMgr.cpp">
      <Filter>ToDoList Source</Filter>
    </ClCompile>
    <ClCompile Include="..\Interfaces\ContentTypeCombobox.cpp">
      <Filter>ToDoList Source</Filter>
    </ClCompile>
    <ClCompile Include="..\Interfaces\ImportExportComboBox.cpp">
      <Filter>ToDoList Source</Filter>
    </ClCompile>
    <ClCompile Include="..\Interfaces\ImportExportMgr.cpp">
      <Filter>ToDoList Source</Filter>
    </ClCompile>
    <ClCompile Include="..\Interfaces\ImportExportUIHelper.cpp">
      <Filter>ToDoList Source</Filter>
    </ClCompile>
    <ClCompile Include="..\Interfaces\Preferences.cpp">
      <Filter>ToDoList Source</Filter>
    </ClCompile>
    <ClCompile Include="..\Interfaces\RichEditSpellCheck.cpp">
      <Filter>ToDoList Source</Filter>
    </ClCompile>
    <ClCompile Include="..\Interfaces\SpellCheckDlg.cpp">
      <Filter>ToDoList Source</Filter>
    </ClCompile>
    <ClCompile Include="..\Interfaces\TasklistStorageMgr.cpp">
      <Filter>ToDoList Source</Filter>
    </ClCompile>
    <ClCompile Include="..\Interfaces\UIExtensionHelper.cpp">
      <Filter>ToDoList Source</Filter>
    </ClCompile>
    <ClCompile Include="..\Interfaces\UIExtensionMgr.cpp">
      <Filter>ToDoList Source</Filter>
    </ClCompile>
    <ClCompile Include="..\Interfaces\UIThemeFile.cpp">
      <Filter>ToDoList Source</Filter>
    </ClCompile>
    <ClCompile Include="..\ToDoList\TDCCustomAttributeDef.cpp">
      <Filter>ToDoList Source</Filter>
    </ClCompile>
    <ClCompile Include="..\ToDoList\TDCCustomAttributeUIHelper.cpp">
      <Filter>ToDoList Source</Filter>
    </ClCompile>
    <ClCompile Include="..\ToDoList\TDCDialogHelper.cpp">
      <Filter>ToDoList Source</Filter>
    </ClCompile>
    <ClCompile Include="..\ToDoList\TDCFindReplace.cpp">
      <Filter>ToDoList Source</Filter>
    </ClCompile>
    <ClCompile Include="..\ToDoList\TDCSourceControl.cpp">
      <Filter>ToDoList Source</Filter>
    </ClCompile>
    <ClCompile Include="..\ToDoList\TDCTaskTimeLog.cpp">
      <Filter>ToDoList Source</Filter>
    </ClCompile>
    <ClCompile Include="..\ToDoList\TDCTaskTimeLogAnalysis.cpp">
      <Filter>ToDoList Source</Filter>
    </ClCompile>
    <ClCompile Include="..\ToDoList\TDLInfoTipCtrl.cpp">
      <Filter>ToDoList Source</Filter>
    </ClCompile>
    <ClCompile Include="..\ToDoList\TDLTasklistSaveAsDlg.cpp">
      <Filter>ToDoList Source</Filter>
    </ClCompile>
  </ItemGroup>
  <ItemGroup>
    <ClInclude Include="ImportExportMgrTest.h">
      <Filter>Header Files</Filter>
    </ClInclude>
    <ClInclude Include="Resource.h">
      <Filter>Header Files</Filter>
    </ClInclude>
    <ClInclude Include="StdAfx.h">
      <Filter>Header Files</Filter>
    </ClInclude>
    <ClInclude Include="TaskFileTest.h">
      <Filter>Header Files</Filter>
    </ClInclude>
    <ClInclude Include="TDLTest.h">
      <Filter>Header Files</Filter>
    </ClInclude>
    <ClInclude Include="TDLTestBase.h">
      <Filter>Header Files</Filter>
    </ClInclude>
    <ClInclude Include="ToDoCtrlDataTest.h">
      <Filter>Header Files</Filter>
    </ClInclude>
    <ClInclude Include="..\ToDoList\TdcRecurrence.h">
      <Filter>Header Files</Filter>
    </ClInclude>
    <ClInclude Include="TDCRECURRENCETest.h">
      <Filter>Header Files</Filter>
    </ClInclude>
    <ClInclude Include="DateHelperTest.h">
      <Filter>Header Files</Filter>
    </ClInclude>
    <ClInclude Include="FileMiscTest.h">
      <Filter>Header Files</Filter>
    </ClInclude>
    <ClInclude Include="TimeHelperTest.h">
      <Filter>Header Files</Filter>
    </ClInclude>
    <ClInclude Include="ToDoCtrlTaskLinkTest.h">
      <Filter>Header Files</Filter>
    </ClInclude>
  </ItemGroup>
  <ItemGroup>
    <Filter Include="Header Files">
      <UniqueIdentifier>{0bdb2574-1a64-4e5f-a6ce-36f0672f0828}</UniqueIdentifier>
      <Extensions>h;hpp;hxx;hm;inl;inc;xsd</Extensions>
    </Filter>
    <Filter Include="Source Files">
      <UniqueIdentifier>{e9edb1d3-f62b-4b2b-a137-2edce279d06c}</UniqueIdentifier>
      <Extensions>cpp;c;cc;cxx;def;odl;idl;hpj;bat;asm;asmx</Extensions>
    </Filter>
    <Filter Include="Resource Files">
      <UniqueIdentifier>{cf7d5aed-6b31-41af-a727-ac4336d88358}</UniqueIdentifier>
      <Extensions>rc;ico;cur;bmp;dlg;rc2;rct;bin;rgs;gif;jpg;jpeg;jpe;resx;tiff;tif;png;wav;mfcribbon-ms</Extensions>
    </Filter>
    <Filter Include="ToDoList Source">
      <UniqueIdentifier>{5371cec0-e97f-41bd-824e-038f72439607}</UniqueIdentifier>
    </Filter>
  </ItemGroup>
  <ItemGroup>
    <ResourceCompile Include="TDLTest.rc">
      <Filter>Source Files</Filter>
    </ResourceCompile>
  </ItemGroup>
</Project>