
Microsoft Visual Studio Solution File, Format Version 11.00
# Visual Studio 2010
Project("{8BC9CEB8-8B4A-11D0-8D11-00A0C91BC942}") = "TDLTransEdit", "TDLTransEdit.vcxproj", "{0FEAFC4E-5946-538A-1D54-2EAFB9461394}"
	ProjectSection(ProjectDependencies) = postProject
		{1AC5867E-0688-4C2E-8F23-E488F6594948} = {1AC5867E-0688-4C2E-8F23-E488F6594948}
		{95605899-9C90-40D8-8774-D1DA1FCE7464} = {95605899-9C90-40D8-8774-D1DA1FCE7464}
		{E15C17B8-C080-492F-BBB8-BF9E84A0EA31} = {E15C17B8-C080-492F-BBB8-BF9E84A0EA31}
	EndProjectSection
EndProject
Project("{8BC9CEB8-8B4A-11D0-8D11-00A0C91BC942}") = "3rdParty", "..\3rdParty\3rdParty.vcxproj", "{E15C17B8-C080-492F-BBB8-BF9E84A0EA31}"
EndProject
Project("{8BC9CEB8-8B4A-11D0-8D11-00A0C91BC942}") = "Shared", "..\Shared\Shared.vcxproj", "{95605899-9C90-40D8-8774-D1DA1FCE7464}"
EndProject
Project("{8BC9CEB8-8B4A-11D0-8D11-00A0C91BC942}") = "TransText", "..\TransText\TransText.vcxproj", "{1AC5867E-0688-4C2E-8F23-E488F6594948}"
EndProject
Global
	GlobalSection(SolutionConfigurationPlatforms) = preSolution
		Unicode Debug|Win32 = Unicode Debug|Win32
		Unicode Release|Win32 = Unicode Release|Win32
	EndGlobalSection
	GlobalSection(ProjectConfigurationPlatforms) = postSolution
		{0FEAFC4E-5946-538A-1D54-2EAFB9461394}.Unicode Debug|Win32.ActiveCfg = Unicode Debug|Win32
		{0FEAFC4E-5946-538A-1D54-2EAFB9461394}.Unicode Debug|Win32.Build.0 = Unicode Debug|Win32
		{0FEAFC4E-5946-538A-1D54-2EAFB9461394}.Unicode Release|Win32.ActiveCfg = Unicode Release|Win32
		{0FEAFC4E-5946-538A-1D54-2EAFB9461394}.Unicode Release|Win32.Build.0 = Unicode Release|Win32
		{E15C17B8-C080-492F-BBB8-BF9E84A0EA31}.Unicode Debug|Win32.ActiveCfg = Unicode Debug|Win32
		{E15C17B8-C080-492F-BBB8-BF9E84A0EA31}.Unicode Debug|Win32.Build.0 = Unicode Debug|Win32
		{E15C17B8-C080-492F-BBB8-BF9E84A0EA31}.Unicode Release|Win32.ActiveCfg = Unicode Release|Win32
		{E15C17B8-C080-492F-BBB8-BF9E84A0EA31}.Unicode Release|Win32.Build.0 = Unicode Release|Win32
		{95605899-9C90-40D8-8774-D1DA1FCE7464}.Unicode Debug|Win32.ActiveCfg = Unicode Debug|Win32
		{95605899-9C90-40D8-8774-D1DA1FCE7464}.Unicode Debug|Win32.Build.0 = Unicode Debug|Win32
		{95605899-9C90-40D8-8774-D1DA1FCE7464}.Unicode Release|Win32.ActiveCfg = Unicode Release|Win32
		{95605899-9C90-40D8-8774-D1DA1FCE7464}.Unicode Release|Win32.Build.0 = Unicode Release|Win32
		{1AC5867E-0688-4C2E-8F23-E488F6594948}.Unicode Debug|Win32.ActiveCfg = Unicode Debug|Win32
		{1AC5867E-0688-4C2E-8F23-E488F6594948}.Unicode Debug|Win32.Build.0 = Unicode Debug|Win32
		{1AC5867E-0688-4C2E-8F23-E488F6594948}.Unicode Release|Win32.ActiveCfg = Unicode Release|Win32
		{1AC5867E-0688-4C2E-8F23-E488F6594948}.Unicode Release|Win32.Build.0 = Unicode Release|Win32
	EndGlobalSection
	GlobalSection(SolutionProperties) = preSolution
		HideSolutionNode = FALSE
	EndGlobalSection
EndGlobal
